// !$*UTF8*$!
{
	archiveVersion = 1;
	classes = {
	};
	objectVersion = 46;
	objects = {

/* Begin PBXBuildFile section */
		130AA2831CEE568900B43F24 /* MessageUI.framework in Frameworks */ = {isa = PBXBuildFile; fileRef = 130AA2821CEE568900B43F24 /* MessageUI.framework */; };
		1316CEC81CC586510075B214 /* QuartzCore.framework in Frameworks */ = {isa = PBXBuildFile; fileRef = 1316CEC71CC586510075B214 /* QuartzCore.framework */; };
		13273AF61D352D520097D245 /* brokerEmployersData.m in Sources */ = {isa = PBXBuildFile; fileRef = 13273AF51D352D520097D245 /* brokerEmployersData.m */; };
		13273AFD1D366FE60097D245 /* popupMessageBox.m in Sources */ = {isa = PBXBuildFile; fileRef = 13273AFB1D366FE60097D245 /* popupMessageBox.m */; };
		13273AFE1D366FE60097D245 /* popupMessageBox.xib in Resources */ = {isa = PBXBuildFile; fileRef = 13273AFC1D366FE60097D245 /* popupMessageBox.xib */; };
		13316B141D21B0D9001A450C /* Settings.m in Sources */ = {isa = PBXBuildFile; fileRef = 13316B131D21B0D9001A450C /* Settings.m */; };
		133254291D916C56003C621F /* plansBrokerEmployerViewController.m in Sources */ = {isa = PBXBuildFile; fileRef = 133254281D916C56003C621F /* plansBrokerEmployerViewController.m */; };
		134A09DA1CBE7D7F00CD3229 /* server.der in Resources */ = {isa = PBXBuildFile; fileRef = 134A09D91CBE7D7F00CD3229 /* server.der */; };
		134A09DD1CBE817000CD3229 /* SSL Certificate Creation in Resources */ = {isa = PBXBuildFile; fileRef = 134A09DC1CBE817000CD3229 /* SSL Certificate Creation */; };
		134DE7A01CECEF6600F8958A /* MGSwipeButton.m in Sources */ = {isa = PBXBuildFile; fileRef = 134DE79D1CECEF6600F8958A /* MGSwipeButton.m */; };
		134DE7A11CECEF6600F8958A /* MGSwipeTableCell.m in Sources */ = {isa = PBXBuildFile; fileRef = 134DE79F1CECEF6600F8958A /* MGSwipeTableCell.m */; };
		134DE7A61CED442E00F8958A /* MapKit.framework in Frameworks */ = {isa = PBXBuildFile; fileRef = 134DE7A51CED442E00F8958A /* MapKit.framework */; };
		136C32401CECA2EF00E95860 /* CoreLocation.framework in Frameworks */ = {isa = PBXBuildFile; fileRef = 136C323F1CECA2EF00E95860 /* CoreLocation.framework */; };
		137327561C8DECA800B0F6E1 /* SlideNavigationController.m in Sources */ = {isa = PBXBuildFile; fileRef = 137327551C8DECA800B0F6E1 /* SlideNavigationController.m */; };
		137327591C8F268D00B0F6E1 /* LeftMenuSlideOutTableViewController.m in Sources */ = {isa = PBXBuildFile; fileRef = 137327581C8F268D00B0F6E1 /* LeftMenuSlideOutTableViewController.m */; };
		138119DC1C9ADBF1000A75AA /* Constants.m in Sources */ = {isa = PBXBuildFile; fileRef = 138119DB1C9ADBF1000A75AA /* Constants.m */; };
		138119E21C9ADF7F000A75AA /* libz.tbd in Frameworks */ = {isa = PBXBuildFile; fileRef = 138119E11C9ADF7F000A75AA /* libz.tbd */; };
		138119E41C9ADF93000A75AA /* SystemConfiguration.framework in Frameworks */ = {isa = PBXBuildFile; fileRef = 138119E31C9ADF93000A75AA /* SystemConfiguration.framework */; };
		1385FDFD1D9BEF4600A277BC /* BrokerMVP_AppHeader512x147.png in Resources */ = {isa = PBXBuildFile; fileRef = 1385FDFC1D9BEF4600A277BC /* BrokerMVP_AppHeader512x147.png */; };
		1385FE001D9C0E2800A277BC /* CloseCaret.png in Resources */ = {isa = PBXBuildFile; fileRef = 1385FDFE1D9C0E2800A277BC /* CloseCaret.png */; };
		1385FE011D9C0E2800A277BC /* OpenCaret.png in Resources */ = {isa = PBXBuildFile; fileRef = 1385FDFF1D9C0E2800A277BC /* OpenCaret.png */; };
		139176641D91D80D005864D1 /* benefitGroupCardView.m in Sources */ = {isa = PBXBuildFile; fileRef = 139176631D91D80D005864D1 /* benefitGroupCardView.m */; };
		13A373071D084053008CA0E1 /* header-employer-2.png in Resources */ = {isa = PBXBuildFile; fileRef = 13A373061D084053008CA0E1 /* header-employer-2.png */; };
		13A3730F1D0B1B3F008CA0E1 /* gear.png in Resources */ = {isa = PBXBuildFile; fileRef = 13A3730E1D0B1B3F008CA0E1 /* gear.png */; };
		13A373121D0B279F008CA0E1 /* ConfigViewController.m in Sources */ = {isa = PBXBuildFile; fileRef = 13A373111D0B279F008CA0E1 /* ConfigViewController.m */; };
		13A382121CDB2E3E006B5984 /* Roboto-Black.ttf in Resources */ = {isa = PBXBuildFile; fileRef = 13A382061CDB2E3E006B5984 /* Roboto-Black.ttf */; };
		13A382131CDB2E3E006B5984 /* Roboto-BlackItalic.ttf in Resources */ = {isa = PBXBuildFile; fileRef = 13A382071CDB2E3E006B5984 /* Roboto-BlackItalic.ttf */; };
		13A382141CDB2E3E006B5984 /* Roboto-Bold.ttf in Resources */ = {isa = PBXBuildFile; fileRef = 13A382081CDB2E3E006B5984 /* Roboto-Bold.ttf */; };
		13A382151CDB2E3E006B5984 /* Roboto-BoldItalic.ttf in Resources */ = {isa = PBXBuildFile; fileRef = 13A382091CDB2E3E006B5984 /* Roboto-BoldItalic.ttf */; };
		13A382161CDB2E3E006B5984 /* Roboto-Italic.ttf in Resources */ = {isa = PBXBuildFile; fileRef = 13A3820A1CDB2E3E006B5984 /* Roboto-Italic.ttf */; };
		13A382171CDB2E3E006B5984 /* Roboto-Light.ttf in Resources */ = {isa = PBXBuildFile; fileRef = 13A3820B1CDB2E3E006B5984 /* Roboto-Light.ttf */; };
		13A382181CDB2E3E006B5984 /* Roboto-LightItalic.ttf in Resources */ = {isa = PBXBuildFile; fileRef = 13A3820C1CDB2E3E006B5984 /* Roboto-LightItalic.ttf */; };
		13A382191CDB2E3E006B5984 /* Roboto-Medium.ttf in Resources */ = {isa = PBXBuildFile; fileRef = 13A3820D1CDB2E3E006B5984 /* Roboto-Medium.ttf */; };
		13A3821A1CDB2E3E006B5984 /* Roboto-MediumItalic.ttf in Resources */ = {isa = PBXBuildFile; fileRef = 13A3820E1CDB2E3E006B5984 /* Roboto-MediumItalic.ttf */; };
		13A3821B1CDB2E3E006B5984 /* Roboto-Regular.ttf in Resources */ = {isa = PBXBuildFile; fileRef = 13A3820F1CDB2E3E006B5984 /* Roboto-Regular.ttf */; };
		13A3821C1CDB2E3E006B5984 /* Roboto-Thin.ttf in Resources */ = {isa = PBXBuildFile; fileRef = 13A382101CDB2E3E006B5984 /* Roboto-Thin.ttf */; };
		13A3821D1CDB2E3E006B5984 /* Roboto-ThinItalic.ttf in Resources */ = {isa = PBXBuildFile; fileRef = 13A382111CDB2E3E006B5984 /* Roboto-ThinItalic.ttf */; };
		13A382201CDB2F4D006B5984 /* menu-icon.png in Resources */ = {isa = PBXBuildFile; fileRef = 13A3821E1CDB2F4D006B5984 /* menu-icon.png */; };
		13A382211CDB2F4D006B5984 /* menu-icon@2x.png in Resources */ = {isa = PBXBuildFile; fileRef = 13A3821F1CDB2F4D006B5984 /* menu-icon@2x.png */; };
		13A382251CDB2FE8006B5984 /* carefirst_logo_k_2935.png in Resources */ = {isa = PBXBuildFile; fileRef = 13A382231CDB2FE8006B5984 /* carefirst_logo_k_2935.png */; };
		13A382261CDB2FE8006B5984 /* kaiser.jpg in Resources */ = {isa = PBXBuildFile; fileRef = 13A382241CDB2FE8006B5984 /* kaiser.jpg */; };
		13AC2A2B1CEA46CC0079DFF2 /* brokerPlanDetailViewController.m in Sources */ = {isa = PBXBuildFile; fileRef = 13AC2A2A1CEA46CC0079DFF2 /* brokerPlanDetailViewController.m */; };
		13B829911D2C6AF800F1A571 /* BrokerAccountTableViewController.m in Sources */ = {isa = PBXBuildFile; fileRef = 13B829901D2C6AF800F1A571 /* BrokerAccountTableViewController.m */; };
		13B829961D2D32FA00F1A571 /* Localizable.strings in Resources */ = {isa = PBXBuildFile; fileRef = 13B829941D2D32FA00F1A571 /* Localizable.strings */; };
		13CBA7101DA5838100481667 /* EmployeeProfileViewController.m in Sources */ = {isa = PBXBuildFile; fileRef = 13CBA70F1DA5838100481667 /* EmployeeProfileViewController.m */; };
		13F169A21D2D3E70004DF9B9 /* Localizable.strings in Resources */ = {isa = PBXBuildFile; fileRef = 13F169A01D2D3E70004DF9B9 /* Localizable.strings */; };
		13F16A201D2FFFC9004DF9B9 /* brokerSearchResultTableViewController.m in Sources */ = {isa = PBXBuildFile; fileRef = 13F16A1F1D2FFFC9004DF9B9 /* brokerSearchResultTableViewController.m */; };
		13FF470E1C8A2C5600C7C851 /* main.m in Sources */ = {isa = PBXBuildFile; fileRef = 13FF470D1C8A2C5600C7C851 /* main.m */; };
		13FF47111C8A2C5600C7C851 /* AppDelegate.m in Sources */ = {isa = PBXBuildFile; fileRef = 13FF47101C8A2C5600C7C851 /* AppDelegate.m */; };
		13FF47141C8A2C5600C7C851 /* ViewController.m in Sources */ = {isa = PBXBuildFile; fileRef = 13FF47131C8A2C5600C7C851 /* ViewController.m */; };
		13FF47171C8A2C5600C7C851 /* Main.storyboard in Resources */ = {isa = PBXBuildFile; fileRef = 13FF47151C8A2C5600C7C851 /* Main.storyboard */; };
		13FF471A1C8A2C5600C7C851 /* HBXMobile.xcdatamodeld in Sources */ = {isa = PBXBuildFile; fileRef = 13FF47181C8A2C5600C7C851 /* HBXMobile.xcdatamodeld */; };
		13FF471C1C8A2C5600C7C851 /* Assets.xcassets in Resources */ = {isa = PBXBuildFile; fileRef = 13FF471B1C8A2C5600C7C851 /* Assets.xcassets */; };
		13FF471F1C8A2C5600C7C851 /* LaunchScreen.storyboard in Resources */ = {isa = PBXBuildFile; fileRef = 13FF471D1C8A2C5600C7C851 /* LaunchScreen.storyboard */; };
		13FF472A1C8A2C5600C7C851 /* HBXMobileTests.m in Sources */ = {isa = PBXBuildFile; fileRef = 13FF47291C8A2C5600C7C851 /* HBXMobileTests.m */; };
		13FF47351C8A2C5600C7C851 /* HBXMobileUITests.m in Sources */ = {isa = PBXBuildFile; fileRef = 13FF47341C8A2C5600C7C851 /* HBXMobileUITests.m */; };
		13FF47451C8A2D1B00C7C851 /* KeychainItemWrapper.m in Sources */ = {isa = PBXBuildFile; fileRef = 13FF47441C8A2D1B00C7C851 /* KeychainItemWrapper.m */; };
		40003F261D4FC51900CD059B /* uparrowWHT.png in Resources */ = {isa = PBXBuildFile; fileRef = 40003F251D4FC51900CD059B /* uparrowWHT.png */; };
		40003F2D1D4FE45800CD059B /* phone.png in Resources */ = {isa = PBXBuildFile; fileRef = 40003F271D4FE45800CD059B /* phone.png */; };
		40003F2E1D4FE45800CD059B /* message.png in Resources */ = {isa = PBXBuildFile; fileRef = 40003F281D4FE45800CD059B /* message.png */; };
		40003F2F1D4FE45800CD059B /* location.png in Resources */ = {isa = PBXBuildFile; fileRef = 40003F291D4FE45800CD059B /* location.png */; };
		40003F301D4FE45800CD059B /* email.png in Resources */ = {isa = PBXBuildFile; fileRef = 40003F2A1D4FE45800CD059B /* email.png */; };
		40003F311D4FE45800CD059B /* phoneWHT.png in Resources */ = {isa = PBXBuildFile; fileRef = 40003F2B1D4FE45800CD059B /* phoneWHT.png */; };
		40003F321D4FE45800CD059B /* emailWHT.png in Resources */ = {isa = PBXBuildFile; fileRef = 40003F2C1D4FE45800CD059B /* emailWHT.png */; };
		40003F3A1D4FFCFF00CD059B /* DCHealthLink_LogoWHT1.png in Resources */ = {isa = PBXBuildFile; fileRef = 40003F391D4FFCFF00CD059B /* DCHealthLink_LogoWHT1.png */; };
		400AE1F21D9407AE0097DEA6 /* costsactive32.png in Resources */ = {isa = PBXBuildFile; fileRef = 400AE1F11D9407AE0097DEA6 /* costsactive32.png */; };
		400AE1F41D940C6F0097DEA6 /* plansactive32.png in Resources */ = {isa = PBXBuildFile; fileRef = 400AE1F31D940C6F0097DEA6 /* plansactive32.png */; };
		4017F78E1D8077C00093CE90 /* StoryboardiPad.storyboard in Resources */ = {isa = PBXBuildFile; fileRef = 4017F78D1D8077C00093CE90 /* StoryboardiPad.storyboard */; };
		4036BEEF1D5E616B000F6182 /* refresh.png in Resources */ = {isa = PBXBuildFile; fileRef = 4036BEEE1D5E616B000F6182 /* refresh.png */; };
		4039C8861D8C035100F7EA7B /* UISlideView.m in Sources */ = {isa = PBXBuildFile; fileRef = 4039C8851D8C035100F7EA7B /* UISlideView.m */; };
		4039C88B1D8C50AB00F7EA7B /* check_waived.png in Resources */ = {isa = PBXBuildFile; fileRef = 4039C8871D8C50AB00F7EA7B /* check_waived.png */; };
		4039C88C1D8C50AB00F7EA7B /* check_showall.png in Resources */ = {isa = PBXBuildFile; fileRef = 4039C8881D8C50AB00F7EA7B /* check_showall.png */; };
		4039C88D1D8C50AB00F7EA7B /* check_notenrolled.png in Resources */ = {isa = PBXBuildFile; fileRef = 4039C8891D8C50AB00F7EA7B /* check_notenrolled.png */; };
		4039C88E1D8C50AB00F7EA7B /* check_enrolled.png in Resources */ = {isa = PBXBuildFile; fileRef = 4039C88A1D8C50AB00F7EA7B /* check_enrolled.png */; };
		403B5E9D1DCB71D800A4FAD8 /* email-2.png in Resources */ = {isa = PBXBuildFile; fileRef = 403B5E9C1DCB71D800A4FAD8 /* email-2.png */; };
		403B5E9F1DCB729600A4FAD8 /* location-2.png in Resources */ = {isa = PBXBuildFile; fileRef = 403B5E9E1DCB729600A4FAD8 /* location-2.png */; };
		403B5EA21DCB72FB00A4FAD8 /* message-2.png in Resources */ = {isa = PBXBuildFile; fileRef = 403B5EA01DCB72FB00A4FAD8 /* message-2.png */; };
		403B5EA31DCB72FB00A4FAD8 /* phone-2.png in Resources */ = {isa = PBXBuildFile; fileRef = 403B5EA11DCB72FB00A4FAD8 /* phone-2.png */; };
		403B5EA91DCB8BD500A4FAD8 /* advice_blue-1-3.png in Resources */ = {isa = PBXBuildFile; fileRef = 403B5EA81DCB8BD500A4FAD8 /* advice_blue-1-3.png */; };
		403B5EAC1DCB8D3900A4FAD8 /* rosteractive48.png in Resources */ = {isa = PBXBuildFile; fileRef = 403B5EAA1DCB8D3900A4FAD8 /* rosteractive48.png */; };
		403B5EAD1DCB8D3900A4FAD8 /* rosternormal48.png in Resources */ = {isa = PBXBuildFile; fileRef = 403B5EAB1DCB8D3900A4FAD8 /* rosternormal48.png */; };
		403B5EB01DCB8E9200A4FAD8 /* costsactive48.png in Resources */ = {isa = PBXBuildFile; fileRef = 403B5EAE1DCB8E9200A4FAD8 /* costsactive48.png */; };
		403B5EB11DCB8E9200A4FAD8 /* costsnormal48.png in Resources */ = {isa = PBXBuildFile; fileRef = 403B5EAF1DCB8E9200A4FAD8 /* costsnormal48.png */; };
		403B5EB41DCB8F2600A4FAD8 /* plansactive48.png in Resources */ = {isa = PBXBuildFile; fileRef = 403B5EB21DCB8F2600A4FAD8 /* plansactive48.png */; };
		403B5EB51DCB8F2600A4FAD8 /* plansnormal48.png in Resources */ = {isa = PBXBuildFile; fileRef = 403B5EB31DCB8F2600A4FAD8 /* plansnormal48.png */; };
		403B5EB71DCB8F8200A4FAD8 /* infoactive48.png in Resources */ = {isa = PBXBuildFile; fileRef = 403B5EB61DCB8F8200A4FAD8 /* infoactive48.png */; };
		403B5EB91DCBCEC600A4FAD8 /* openarrow-down.png in Resources */ = {isa = PBXBuildFile; fileRef = 403B5EB81DCBCEC600A4FAD8 /* openarrow-down.png */; };
		40D466AF1D3EC24200ADC1FC /* CarrierListViewController.m in Sources */ = {isa = PBXBuildFile; fileRef = 40D466AE1D3EC24200ADC1FC /* CarrierListViewController.m */; };
		40ECFBFC1D8AF2ED003102E5 /* XYPieChart.m in Sources */ = {isa = PBXBuildFile; fileRef = 40ECFBFB1D8AF2ED003102E5 /* XYPieChart.m */; };
		40ECFC041D8B1BC9003102E5 /* tabBG1.png in Resources */ = {isa = PBXBuildFile; fileRef = 40ECFC031D8B1BC9003102E5 /* tabBG1.png */; };
		40ECFC071D8B52F3003102E5 /* rosterCostsBrokerEmployerViewController.m in Sources */ = {isa = PBXBuildFile; fileRef = 40ECFC061D8B52F3003102E5 /* rosterCostsBrokerEmployerViewController.m */; };
		40EE697B1D8A095100BCB351 /* employerTabController.m in Sources */ = {isa = PBXBuildFile; fileRef = 40EE697A1D8A095100BCB351 /* employerTabController.m */; };
		40EEC8531D5104CB0071FFD5 /* callus54x54.png in Resources */ = {isa = PBXBuildFile; fileRef = 40EEC8511D5104CB0071FFD5 /* callus54x54.png */; };
		40EEC8541D5104CB0071FFD5 /* emailus54x54.png in Resources */ = {isa = PBXBuildFile; fileRef = 40EEC8521D5104CB0071FFD5 /* emailus54x54.png */; };
		40EEC85A1D5112EE0071FFD5 /* tutorialViewController.m in Sources */ = {isa = PBXBuildFile; fileRef = 40EEC8581D5112EE0071FFD5 /* tutorialViewController.m */; };
		40EEC85B1D5112EE0071FFD5 /* tutorialViewController.xib in Resources */ = {isa = PBXBuildFile; fileRef = 40EEC8591D5112EE0071FFD5 /* tutorialViewController.xib */; };
		40EEC85F1D512B690071FFD5 /* chevron.png in Resources */ = {isa = PBXBuildFile; fileRef = 40EEC85E1D512B690071FFD5 /* chevron.png */; };
		40F07D3F1D84360400BD3B7C /* detailBrokerEmployerViewController.m in Sources */ = {isa = PBXBuildFile; fileRef = 40F07D3E1D84360400BD3B7C /* detailBrokerEmployerViewController.m */; };
		40F1FB941D84DD75005EF01F /* CoreGraphics.framework in Frameworks */ = {isa = PBXBuildFile; fileRef = 40F1FB931D84DD75005EF01F /* CoreGraphics.framework */; };
		40F241151D3E9D3100DC1439 /* CarrierListTableViewController.m in Sources */ = {isa = PBXBuildFile; fileRef = 40F241141D3E9D3100DC1439 /* CarrierListTableViewController.m */; };
		40F63B6B1DAE5ED5006CDA13 /* HeaderView.m in Sources */ = {isa = PBXBuildFile; fileRef = 40F63B6A1DAE5ED5006CDA13 /* HeaderView.m */; };
		40F6DDA01D8987020095519C /* close_arrow32x32.png in Resources */ = {isa = PBXBuildFile; fileRef = 40F6DD9E1D8987020095519C /* close_arrow32x32.png */; };
		40F6DDA11D8987020095519C /* open_plus32x32.png in Resources */ = {isa = PBXBuildFile; fileRef = 40F6DD9F1D8987020095519C /* open_plus32x32.png */; };
		40F6DDA31D899F340095519C /* infonormal40_text.png in Resources */ = {isa = PBXBuildFile; fileRef = 40F6DDA21D899F340095519C /* infonormal40_text.png */; };
		40F6DDA51D89A3E50095519C /* infoactive32.png in Resources */ = {isa = PBXBuildFile; fileRef = 40F6DDA41D89A3E40095519C /* infoactive32.png */; };
		40F6DDA71D89ABEA0095519C /* home_selected.png in Resources */ = {isa = PBXBuildFile; fileRef = 40F6DDA61D89ABEA0095519C /* home_selected.png */; };
		40F6DDA91D89ABF70095519C /* home.png in Resources */ = {isa = PBXBuildFile; fileRef = 40F6DDA81D89ABF70095519C /* home.png */; };
		40F6DDAB1D89AC180095519C /* tabbar_selected.png in Resources */ = {isa = PBXBuildFile; fileRef = 40F6DDAA1D89AC180095519C /* tabbar_selected.png */; };
		40F6DDAD1D89AE590095519C /* tabBG.png in Resources */ = {isa = PBXBuildFile; fileRef = 40F6DDAC1D89AE590095519C /* tabBG.png */; };
		40F6DDB01D89B9E50095519C /* rosterBrokerEmployerViewController.m in Sources */ = {isa = PBXBuildFile; fileRef = 40F6DDAF1D89B9E50095519C /* rosterBrokerEmployerViewController.m */; };
		40F6DDB21D89BB280095519C /* rosteractive32.png in Resources */ = {isa = PBXBuildFile; fileRef = 40F6DDB11D89BB280095519C /* rosteractive32.png */; };
		40F6F8B41D8861A0003279DD /* infonormal48.png in Resources */ = {isa = PBXBuildFile; fileRef = 40F6F8B31D8861A0003279DD /* infonormal48.png */; };
		40F6F8BA1D886413003279DD /* infonormal40.png in Resources */ = {isa = PBXBuildFile; fileRef = 40F6F8B91D886413003279DD /* infonormal40.png */; };
		40F6F8BC1D8864E6003279DD /* infonormal32.png in Resources */ = {isa = PBXBuildFile; fileRef = 40F6F8BB1D8864E6003279DD /* infonormal32.png */; };
		40F6F8C31D88727D003279DD /* rosternormal32.png in Resources */ = {isa = PBXBuildFile; fileRef = 40F6F8C11D88727D003279DD /* rosternormal32.png */; };
		40F6F8C41D88727D003279DD /* costsnormal32.png in Resources */ = {isa = PBXBuildFile; fileRef = 40F6F8C21D88727D003279DD /* costsnormal32.png */; };
		40F6F8C61D887BE9003279DD /* plansnormal32.png in Resources */ = {isa = PBXBuildFile; fileRef = 40F6F8C51D887BE9003279DD /* plansnormal32.png */; };
		40F8BFA71DB94D3F00FFEEDE /* check_yellow.png in Resources */ = {isa = PBXBuildFile; fileRef = 40F8BFA61DB94D3F00FFEEDE /* check_yellow.png */; };
		40F8BFA91DB94DE500FFEEDE /* check_green.png in Resources */ = {isa = PBXBuildFile; fileRef = 40F8BFA81DB94DE500FFEEDE /* check_green.png */; };
		40F8BFAB1DB94E3300FFEEDE /* check_purple.png in Resources */ = {isa = PBXBuildFile; fileRef = 40F8BFAA1DB94E3300FFEEDE /* check_purple.png */; };
/* End PBXBuildFile section */

/* Begin PBXContainerItemProxy section */
		13FF47261C8A2C5600C7C851 /* PBXContainerItemProxy */ = {
			isa = PBXContainerItemProxy;
			containerPortal = 13FF47011C8A2C5600C7C851 /* Project object */;
			proxyType = 1;
			remoteGlobalIDString = 13FF47081C8A2C5600C7C851;
			remoteInfo = HBXMobile;
		};
		13FF47311C8A2C5600C7C851 /* PBXContainerItemProxy */ = {
			isa = PBXContainerItemProxy;
			containerPortal = 13FF47011C8A2C5600C7C851 /* Project object */;
			proxyType = 1;
			remoteGlobalIDString = 13FF47081C8A2C5600C7C851;
			remoteInfo = HBXMobile;
		};
/* End PBXContainerItemProxy section */

/* Begin PBXFileReference section */
		130AA2821CEE568900B43F24 /* MessageUI.framework */ = {isa = PBXFileReference; lastKnownFileType = wrapper.framework; name = MessageUI.framework; path = System/Library/Frameworks/MessageUI.framework; sourceTree = SDKROOT; };
		1316CEC71CC586510075B214 /* QuartzCore.framework */ = {isa = PBXFileReference; lastKnownFileType = wrapper.framework; name = QuartzCore.framework; path = System/Library/Frameworks/QuartzCore.framework; sourceTree = SDKROOT; };
		13273AF41D352D520097D245 /* brokerEmployersData.h */ = {isa = PBXFileReference; fileEncoding = 4; lastKnownFileType = sourcecode.c.h; path = brokerEmployersData.h; sourceTree = "<group>"; };
		13273AF51D352D520097D245 /* brokerEmployersData.m */ = {isa = PBXFileReference; fileEncoding = 4; lastKnownFileType = sourcecode.c.objc; path = brokerEmployersData.m; sourceTree = "<group>"; };
		13273AFA1D366FE60097D245 /* popupMessageBox.h */ = {isa = PBXFileReference; fileEncoding = 4; lastKnownFileType = sourcecode.c.h; path = popupMessageBox.h; sourceTree = "<group>"; };
		13273AFB1D366FE60097D245 /* popupMessageBox.m */ = {isa = PBXFileReference; fileEncoding = 4; lastKnownFileType = sourcecode.c.objc; path = popupMessageBox.m; sourceTree = "<group>"; };
		13273AFC1D366FE60097D245 /* popupMessageBox.xib */ = {isa = PBXFileReference; fileEncoding = 4; lastKnownFileType = file.xib; path = popupMessageBox.xib; sourceTree = "<group>"; };
		13316B121D21B0D9001A450C /* Settings.h */ = {isa = PBXFileReference; fileEncoding = 4; lastKnownFileType = sourcecode.c.h; path = Settings.h; sourceTree = "<group>"; };
		13316B131D21B0D9001A450C /* Settings.m */ = {isa = PBXFileReference; fileEncoding = 4; lastKnownFileType = sourcecode.c.objc; path = Settings.m; sourceTree = "<group>"; };
		133254271D916C56003C621F /* plansBrokerEmployerViewController.h */ = {isa = PBXFileReference; fileEncoding = 4; lastKnownFileType = sourcecode.c.h; path = plansBrokerEmployerViewController.h; sourceTree = "<group>"; };
		133254281D916C56003C621F /* plansBrokerEmployerViewController.m */ = {isa = PBXFileReference; fileEncoding = 4; lastKnownFileType = sourcecode.c.objc; path = plansBrokerEmployerViewController.m; sourceTree = "<group>"; };
		134A09D91CBE7D7F00CD3229 /* server.der */ = {isa = PBXFileReference; lastKnownFileType = file; path = server.der; sourceTree = "<group>"; };
		134A09DC1CBE817000CD3229 /* SSL Certificate Creation */ = {isa = PBXFileReference; fileEncoding = 4; lastKnownFileType = text; path = "SSL Certificate Creation"; sourceTree = "<group>"; xcLanguageSpecificationIdentifier = xcode.lang.python; };
		134DE79C1CECEF6600F8958A /* MGSwipeButton.h */ = {isa = PBXFileReference; fileEncoding = 4; lastKnownFileType = sourcecode.c.h; path = MGSwipeButton.h; sourceTree = "<group>"; };
		134DE79D1CECEF6600F8958A /* MGSwipeButton.m */ = {isa = PBXFileReference; fileEncoding = 4; lastKnownFileType = sourcecode.c.objc; path = MGSwipeButton.m; sourceTree = "<group>"; };
		134DE79E1CECEF6600F8958A /* MGSwipeTableCell.h */ = {isa = PBXFileReference; fileEncoding = 4; lastKnownFileType = sourcecode.c.h; path = MGSwipeTableCell.h; sourceTree = "<group>"; };
		134DE79F1CECEF6600F8958A /* MGSwipeTableCell.m */ = {isa = PBXFileReference; fileEncoding = 4; lastKnownFileType = sourcecode.c.objc; path = MGSwipeTableCell.m; sourceTree = "<group>"; };
		134DE7A51CED442E00F8958A /* MapKit.framework */ = {isa = PBXFileReference; lastKnownFileType = wrapper.framework; name = MapKit.framework; path = System/Library/Frameworks/MapKit.framework; sourceTree = SDKROOT; };
		136C323F1CECA2EF00E95860 /* CoreLocation.framework */ = {isa = PBXFileReference; lastKnownFileType = wrapper.framework; name = CoreLocation.framework; path = System/Library/Frameworks/CoreLocation.framework; sourceTree = SDKROOT; };
		137327541C8DECA800B0F6E1 /* SlideNavigationController.h */ = {isa = PBXFileReference; fileEncoding = 4; lastKnownFileType = sourcecode.c.h; path = SlideNavigationController.h; sourceTree = "<group>"; };
		137327551C8DECA800B0F6E1 /* SlideNavigationController.m */ = {isa = PBXFileReference; fileEncoding = 4; lastKnownFileType = sourcecode.c.objc; path = SlideNavigationController.m; sourceTree = "<group>"; };
		137327571C8F268D00B0F6E1 /* LeftMenuSlideOutTableViewController.h */ = {isa = PBXFileReference; fileEncoding = 4; lastKnownFileType = sourcecode.c.h; path = LeftMenuSlideOutTableViewController.h; sourceTree = "<group>"; };
		137327581C8F268D00B0F6E1 /* LeftMenuSlideOutTableViewController.m */ = {isa = PBXFileReference; fileEncoding = 4; lastKnownFileType = sourcecode.c.objc; path = LeftMenuSlideOutTableViewController.m; sourceTree = "<group>"; };
		138119DA1C9ADBF1000A75AA /* Constants.h */ = {isa = PBXFileReference; fileEncoding = 4; lastKnownFileType = sourcecode.c.h; path = Constants.h; sourceTree = "<group>"; };
		138119DB1C9ADBF1000A75AA /* Constants.m */ = {isa = PBXFileReference; fileEncoding = 4; lastKnownFileType = sourcecode.c.objc; path = Constants.m; sourceTree = "<group>"; };
		138119E11C9ADF7F000A75AA /* libz.tbd */ = {isa = PBXFileReference; lastKnownFileType = "sourcecode.text-based-dylib-definition"; name = libz.tbd; path = usr/lib/libz.tbd; sourceTree = SDKROOT; };
		138119E31C9ADF93000A75AA /* SystemConfiguration.framework */ = {isa = PBXFileReference; lastKnownFileType = wrapper.framework; name = SystemConfiguration.framework; path = System/Library/Frameworks/SystemConfiguration.framework; sourceTree = SDKROOT; };
		1385FDFC1D9BEF4600A277BC /* BrokerMVP_AppHeader512x147.png */ = {isa = PBXFileReference; lastKnownFileType = image.png; path = BrokerMVP_AppHeader512x147.png; sourceTree = "<group>"; };
		1385FDFE1D9C0E2800A277BC /* CloseCaret.png */ = {isa = PBXFileReference; lastKnownFileType = image.png; path = CloseCaret.png; sourceTree = "<group>"; };
		1385FDFF1D9C0E2800A277BC /* OpenCaret.png */ = {isa = PBXFileReference; lastKnownFileType = image.png; path = OpenCaret.png; sourceTree = "<group>"; };
		139176621D91D80D005864D1 /* benefitGroupCardView.h */ = {isa = PBXFileReference; fileEncoding = 4; lastKnownFileType = sourcecode.c.h; path = benefitGroupCardView.h; sourceTree = "<group>"; };
		139176631D91D80D005864D1 /* benefitGroupCardView.m */ = {isa = PBXFileReference; fileEncoding = 4; lastKnownFileType = sourcecode.c.objc; path = benefitGroupCardView.m; sourceTree = "<group>"; };
		13A373061D084053008CA0E1 /* header-employer-2.png */ = {isa = PBXFileReference; lastKnownFileType = image.png; name = "header-employer-2.png"; path = "images/header-employer-2.png"; sourceTree = "<group>"; };
		13A3730E1D0B1B3F008CA0E1 /* gear.png */ = {isa = PBXFileReference; lastKnownFileType = image.png; path = gear.png; sourceTree = "<group>"; };
		13A373101D0B279F008CA0E1 /* ConfigViewController.h */ = {isa = PBXFileReference; fileEncoding = 4; lastKnownFileType = sourcecode.c.h; path = ConfigViewController.h; sourceTree = "<group>"; };
		13A373111D0B279F008CA0E1 /* ConfigViewController.m */ = {isa = PBXFileReference; fileEncoding = 4; lastKnownFileType = sourcecode.c.objc; path = ConfigViewController.m; sourceTree = "<group>"; };
		13A382061CDB2E3E006B5984 /* Roboto-Black.ttf */ = {isa = PBXFileReference; lastKnownFileType = file; name = "Roboto-Black.ttf"; path = "fonts/Roboto-Black.ttf"; sourceTree = "<group>"; };
		13A382071CDB2E3E006B5984 /* Roboto-BlackItalic.ttf */ = {isa = PBXFileReference; lastKnownFileType = file; name = "Roboto-BlackItalic.ttf"; path = "fonts/Roboto-BlackItalic.ttf"; sourceTree = "<group>"; };
		13A382081CDB2E3E006B5984 /* Roboto-Bold.ttf */ = {isa = PBXFileReference; lastKnownFileType = file; name = "Roboto-Bold.ttf"; path = "fonts/Roboto-Bold.ttf"; sourceTree = "<group>"; };
		13A382091CDB2E3E006B5984 /* Roboto-BoldItalic.ttf */ = {isa = PBXFileReference; lastKnownFileType = file; name = "Roboto-BoldItalic.ttf"; path = "fonts/Roboto-BoldItalic.ttf"; sourceTree = "<group>"; };
		13A3820A1CDB2E3E006B5984 /* Roboto-Italic.ttf */ = {isa = PBXFileReference; lastKnownFileType = file; name = "Roboto-Italic.ttf"; path = "fonts/Roboto-Italic.ttf"; sourceTree = "<group>"; };
		13A3820B1CDB2E3E006B5984 /* Roboto-Light.ttf */ = {isa = PBXFileReference; lastKnownFileType = file; name = "Roboto-Light.ttf"; path = "fonts/Roboto-Light.ttf"; sourceTree = "<group>"; };
		13A3820C1CDB2E3E006B5984 /* Roboto-LightItalic.ttf */ = {isa = PBXFileReference; lastKnownFileType = file; name = "Roboto-LightItalic.ttf"; path = "fonts/Roboto-LightItalic.ttf"; sourceTree = "<group>"; };
		13A3820D1CDB2E3E006B5984 /* Roboto-Medium.ttf */ = {isa = PBXFileReference; lastKnownFileType = file; name = "Roboto-Medium.ttf"; path = "fonts/Roboto-Medium.ttf"; sourceTree = "<group>"; };
		13A3820E1CDB2E3E006B5984 /* Roboto-MediumItalic.ttf */ = {isa = PBXFileReference; lastKnownFileType = file; name = "Roboto-MediumItalic.ttf"; path = "fonts/Roboto-MediumItalic.ttf"; sourceTree = "<group>"; };
		13A3820F1CDB2E3E006B5984 /* Roboto-Regular.ttf */ = {isa = PBXFileReference; lastKnownFileType = file; name = "Roboto-Regular.ttf"; path = "fonts/Roboto-Regular.ttf"; sourceTree = "<group>"; };
		13A382101CDB2E3E006B5984 /* Roboto-Thin.ttf */ = {isa = PBXFileReference; lastKnownFileType = file; name = "Roboto-Thin.ttf"; path = "fonts/Roboto-Thin.ttf"; sourceTree = "<group>"; };
		13A382111CDB2E3E006B5984 /* Roboto-ThinItalic.ttf */ = {isa = PBXFileReference; lastKnownFileType = file; name = "Roboto-ThinItalic.ttf"; path = "fonts/Roboto-ThinItalic.ttf"; sourceTree = "<group>"; };
		13A3821E1CDB2F4D006B5984 /* menu-icon.png */ = {isa = PBXFileReference; lastKnownFileType = image.png; name = "menu-icon.png"; path = "images/menu-icon.png"; sourceTree = "<group>"; };
		13A3821F1CDB2F4D006B5984 /* menu-icon@2x.png */ = {isa = PBXFileReference; lastKnownFileType = image.png; name = "menu-icon@2x.png"; path = "images/menu-icon@2x.png"; sourceTree = "<group>"; };
		13A382231CDB2FE8006B5984 /* carefirst_logo_k_2935.png */ = {isa = PBXFileReference; lastKnownFileType = image.png; name = carefirst_logo_k_2935.png; path = images/carriers/carefirst_logo_k_2935.png; sourceTree = "<group>"; };
		13A382241CDB2FE8006B5984 /* kaiser.jpg */ = {isa = PBXFileReference; lastKnownFileType = image.jpeg; name = kaiser.jpg; path = images/carriers/kaiser.jpg; sourceTree = "<group>"; };
		13AC2A291CEA46CC0079DFF2 /* brokerPlanDetailViewController.h */ = {isa = PBXFileReference; fileEncoding = 4; lastKnownFileType = sourcecode.c.h; path = brokerPlanDetailViewController.h; sourceTree = "<group>"; };
		13AC2A2A1CEA46CC0079DFF2 /* brokerPlanDetailViewController.m */ = {isa = PBXFileReference; fileEncoding = 4; lastKnownFileType = sourcecode.c.objc; path = brokerPlanDetailViewController.m; sourceTree = "<group>"; };
		13B8298F1D2C6AF800F1A571 /* BrokerAccountTableViewController.h */ = {isa = PBXFileReference; fileEncoding = 4; lastKnownFileType = sourcecode.c.h; path = BrokerAccountTableViewController.h; sourceTree = "<group>"; };
		13B829901D2C6AF800F1A571 /* BrokerAccountTableViewController.m */ = {isa = PBXFileReference; fileEncoding = 4; lastKnownFileType = sourcecode.c.objc; path = BrokerAccountTableViewController.m; sourceTree = "<group>"; };
		13B829921D2D30F600F1A571 /* es */ = {isa = PBXFileReference; lastKnownFileType = text.plist.strings; name = es; path = es.lproj/Main.strings; sourceTree = "<group>"; };
		13B829931D2D30F600F1A571 /* es */ = {isa = PBXFileReference; lastKnownFileType = text.plist.strings; name = es; path = es.lproj/LaunchScreen.strings; sourceTree = "<group>"; };
		13B829951D2D32FA00F1A571 /* es */ = {isa = PBXFileReference; lastKnownFileType = text.plist.strings; name = es; path = es.lproj/Localizable.strings; sourceTree = "<group>"; };
		13CBA70E1DA5838100481667 /* EmployeeProfileViewController.h */ = {isa = PBXFileReference; fileEncoding = 4; lastKnownFileType = sourcecode.c.h; path = EmployeeProfileViewController.h; sourceTree = "<group>"; };
		13CBA70F1DA5838100481667 /* EmployeeProfileViewController.m */ = {isa = PBXFileReference; fileEncoding = 4; lastKnownFileType = sourcecode.c.objc; path = EmployeeProfileViewController.m; sourceTree = "<group>"; };
		13F169A11D2D3E70004DF9B9 /* Base */ = {isa = PBXFileReference; lastKnownFileType = text.plist.strings; name = Base; path = Base.lproj/Localizable.strings; sourceTree = "<group>"; };
		13F16A1E1D2FFFC9004DF9B9 /* brokerSearchResultTableViewController.h */ = {isa = PBXFileReference; fileEncoding = 4; lastKnownFileType = sourcecode.c.h; path = brokerSearchResultTableViewController.h; sourceTree = "<group>"; };
		13F16A1F1D2FFFC9004DF9B9 /* brokerSearchResultTableViewController.m */ = {isa = PBXFileReference; fileEncoding = 4; lastKnownFileType = sourcecode.c.objc; path = brokerSearchResultTableViewController.m; sourceTree = "<group>"; };
		13FF47091C8A2C5600C7C851 /* HBXMobile.app */ = {isa = PBXFileReference; explicitFileType = wrapper.application; includeInIndex = 0; path = HBXMobile.app; sourceTree = BUILT_PRODUCTS_DIR; };
		13FF470D1C8A2C5600C7C851 /* main.m */ = {isa = PBXFileReference; lastKnownFileType = sourcecode.c.objc; path = main.m; sourceTree = "<group>"; };
		13FF470F1C8A2C5600C7C851 /* AppDelegate.h */ = {isa = PBXFileReference; lastKnownFileType = sourcecode.c.h; path = AppDelegate.h; sourceTree = "<group>"; };
		13FF47101C8A2C5600C7C851 /* AppDelegate.m */ = {isa = PBXFileReference; lastKnownFileType = sourcecode.c.objc; path = AppDelegate.m; sourceTree = "<group>"; };
		13FF47121C8A2C5600C7C851 /* ViewController.h */ = {isa = PBXFileReference; lastKnownFileType = sourcecode.c.h; path = ViewController.h; sourceTree = "<group>"; };
		13FF47131C8A2C5600C7C851 /* ViewController.m */ = {isa = PBXFileReference; lastKnownFileType = sourcecode.c.objc; path = ViewController.m; sourceTree = "<group>"; };
		13FF47161C8A2C5600C7C851 /* Base */ = {isa = PBXFileReference; lastKnownFileType = file.storyboard; name = Base; path = Base.lproj/Main.storyboard; sourceTree = "<group>"; };
		13FF47191C8A2C5600C7C851 /* HBXMobile.xcdatamodel */ = {isa = PBXFileReference; lastKnownFileType = wrapper.xcdatamodel; path = HBXMobile.xcdatamodel; sourceTree = "<group>"; };
		13FF471B1C8A2C5600C7C851 /* Assets.xcassets */ = {isa = PBXFileReference; lastKnownFileType = folder.assetcatalog; path = Assets.xcassets; sourceTree = "<group>"; };
		13FF471E1C8A2C5600C7C851 /* Base */ = {isa = PBXFileReference; lastKnownFileType = file.storyboard; name = Base; path = Base.lproj/LaunchScreen.storyboard; sourceTree = "<group>"; };
		13FF47201C8A2C5600C7C851 /* Info.plist */ = {isa = PBXFileReference; lastKnownFileType = text.plist.xml; path = Info.plist; sourceTree = "<group>"; };
		13FF47251C8A2C5600C7C851 /* HBXMobileTests.xctest */ = {isa = PBXFileReference; explicitFileType = wrapper.cfbundle; includeInIndex = 0; path = HBXMobileTests.xctest; sourceTree = BUILT_PRODUCTS_DIR; };
		13FF47291C8A2C5600C7C851 /* HBXMobileTests.m */ = {isa = PBXFileReference; lastKnownFileType = sourcecode.c.objc; path = HBXMobileTests.m; sourceTree = "<group>"; };
		13FF472B1C8A2C5600C7C851 /* Info.plist */ = {isa = PBXFileReference; lastKnownFileType = text.plist.xml; path = Info.plist; sourceTree = "<group>"; };
		13FF47301C8A2C5600C7C851 /* HBXMobileUITests.xctest */ = {isa = PBXFileReference; explicitFileType = wrapper.cfbundle; includeInIndex = 0; path = HBXMobileUITests.xctest; sourceTree = BUILT_PRODUCTS_DIR; };
		13FF47341C8A2C5600C7C851 /* HBXMobileUITests.m */ = {isa = PBXFileReference; lastKnownFileType = sourcecode.c.objc; path = HBXMobileUITests.m; sourceTree = "<group>"; };
		13FF47361C8A2C5600C7C851 /* Info.plist */ = {isa = PBXFileReference; lastKnownFileType = text.plist.xml; path = Info.plist; sourceTree = "<group>"; };
		13FF47431C8A2D1B00C7C851 /* KeychainItemWrapper.h */ = {isa = PBXFileReference; fileEncoding = 4; lastKnownFileType = sourcecode.c.h; path = KeychainItemWrapper.h; sourceTree = "<group>"; };
		13FF47441C8A2D1B00C7C851 /* KeychainItemWrapper.m */ = {isa = PBXFileReference; fileEncoding = 4; lastKnownFileType = sourcecode.c.objc; path = KeychainItemWrapper.m; sourceTree = "<group>"; };
		40003F251D4FC51900CD059B /* uparrowWHT.png */ = {isa = PBXFileReference; lastKnownFileType = image.png; path = uparrowWHT.png; sourceTree = "<group>"; };
		40003F271D4FE45800CD059B /* phone.png */ = {isa = PBXFileReference; lastKnownFileType = image.png; path = phone.png; sourceTree = "<group>"; };
		40003F281D4FE45800CD059B /* message.png */ = {isa = PBXFileReference; lastKnownFileType = image.png; path = message.png; sourceTree = "<group>"; };
		40003F291D4FE45800CD059B /* location.png */ = {isa = PBXFileReference; lastKnownFileType = image.png; path = location.png; sourceTree = "<group>"; };
		40003F2A1D4FE45800CD059B /* email.png */ = {isa = PBXFileReference; lastKnownFileType = image.png; path = email.png; sourceTree = "<group>"; };
		40003F2B1D4FE45800CD059B /* phoneWHT.png */ = {isa = PBXFileReference; lastKnownFileType = image.png; path = phoneWHT.png; sourceTree = "<group>"; };
		40003F2C1D4FE45800CD059B /* emailWHT.png */ = {isa = PBXFileReference; lastKnownFileType = image.png; path = emailWHT.png; sourceTree = "<group>"; };
		40003F391D4FFCFF00CD059B /* DCHealthLink_LogoWHT1.png */ = {isa = PBXFileReference; lastKnownFileType = image.png; path = DCHealthLink_LogoWHT1.png; sourceTree = "<group>"; };
		400AE1F11D9407AE0097DEA6 /* costsactive32.png */ = {isa = PBXFileReference; lastKnownFileType = image.png; path = costsactive32.png; sourceTree = "<group>"; };
		400AE1F31D940C6F0097DEA6 /* plansactive32.png */ = {isa = PBXFileReference; lastKnownFileType = image.png; path = plansactive32.png; sourceTree = "<group>"; };
		4017F78D1D8077C00093CE90 /* StoryboardiPad.storyboard */ = {isa = PBXFileReference; fileEncoding = 4; lastKnownFileType = file.storyboard; path = StoryboardiPad.storyboard; sourceTree = "<group>"; };
		4036BEEE1D5E616B000F6182 /* refresh.png */ = {isa = PBXFileReference; lastKnownFileType = image.png; path = refresh.png; sourceTree = "<group>"; };
		4039C8841D8C035100F7EA7B /* UISlideView.h */ = {isa = PBXFileReference; fileEncoding = 4; lastKnownFileType = sourcecode.c.h; path = UISlideView.h; sourceTree = "<group>"; };
		4039C8851D8C035100F7EA7B /* UISlideView.m */ = {isa = PBXFileReference; fileEncoding = 4; lastKnownFileType = sourcecode.c.objc; path = UISlideView.m; sourceTree = "<group>"; };
		4039C8871D8C50AB00F7EA7B /* check_waived.png */ = {isa = PBXFileReference; lastKnownFileType = image.png; path = check_waived.png; sourceTree = "<group>"; };
		4039C8881D8C50AB00F7EA7B /* check_showall.png */ = {isa = PBXFileReference; lastKnownFileType = image.png; path = check_showall.png; sourceTree = "<group>"; };
		4039C8891D8C50AB00F7EA7B /* check_notenrolled.png */ = {isa = PBXFileReference; lastKnownFileType = image.png; path = check_notenrolled.png; sourceTree = "<group>"; };
		4039C88A1D8C50AB00F7EA7B /* check_enrolled.png */ = {isa = PBXFileReference; lastKnownFileType = image.png; path = check_enrolled.png; sourceTree = "<group>"; };
		403B5E9C1DCB71D800A4FAD8 /* email-2.png */ = {isa = PBXFileReference; lastKnownFileType = image.png; path = "email-2.png"; sourceTree = "<group>"; };
		403B5E9E1DCB729600A4FAD8 /* location-2.png */ = {isa = PBXFileReference; lastKnownFileType = image.png; path = "location-2.png"; sourceTree = "<group>"; };
		403B5EA01DCB72FB00A4FAD8 /* message-2.png */ = {isa = PBXFileReference; lastKnownFileType = image.png; path = "message-2.png"; sourceTree = "<group>"; };
		403B5EA11DCB72FB00A4FAD8 /* phone-2.png */ = {isa = PBXFileReference; lastKnownFileType = image.png; path = "phone-2.png"; sourceTree = "<group>"; };
		403B5EA81DCB8BD500A4FAD8 /* advice_blue-1-3.png */ = {isa = PBXFileReference; lastKnownFileType = image.png; path = "advice_blue-1-3.png"; sourceTree = "<group>"; };
		403B5EAA1DCB8D3900A4FAD8 /* rosteractive48.png */ = {isa = PBXFileReference; lastKnownFileType = image.png; path = rosteractive48.png; sourceTree = "<group>"; };
		403B5EAB1DCB8D3900A4FAD8 /* rosternormal48.png */ = {isa = PBXFileReference; lastKnownFileType = image.png; path = rosternormal48.png; sourceTree = "<group>"; };
		403B5EAE1DCB8E9200A4FAD8 /* costsactive48.png */ = {isa = PBXFileReference; lastKnownFileType = image.png; path = costsactive48.png; sourceTree = "<group>"; };
		403B5EAF1DCB8E9200A4FAD8 /* costsnormal48.png */ = {isa = PBXFileReference; lastKnownFileType = image.png; path = costsnormal48.png; sourceTree = "<group>"; };
		403B5EB21DCB8F2600A4FAD8 /* plansactive48.png */ = {isa = PBXFileReference; lastKnownFileType = image.png; path = plansactive48.png; sourceTree = "<group>"; };
		403B5EB31DCB8F2600A4FAD8 /* plansnormal48.png */ = {isa = PBXFileReference; lastKnownFileType = image.png; path = plansnormal48.png; sourceTree = "<group>"; };
		403B5EB61DCB8F8200A4FAD8 /* infoactive48.png */ = {isa = PBXFileReference; lastKnownFileType = image.png; path = infoactive48.png; sourceTree = "<group>"; };
		403B5EB81DCBCEC600A4FAD8 /* openarrow-down.png */ = {isa = PBXFileReference; lastKnownFileType = image.png; path = "openarrow-down.png"; sourceTree = "<group>"; };
		40D466AD1D3EC24200ADC1FC /* CarrierListViewController.h */ = {isa = PBXFileReference; fileEncoding = 4; lastKnownFileType = sourcecode.c.h; path = CarrierListViewController.h; sourceTree = "<group>"; };
		40D466AE1D3EC24200ADC1FC /* CarrierListViewController.m */ = {isa = PBXFileReference; fileEncoding = 4; lastKnownFileType = sourcecode.c.objc; path = CarrierListViewController.m; sourceTree = "<group>"; };
		40ECFBFA1D8AF2ED003102E5 /* XYPieChart.h */ = {isa = PBXFileReference; fileEncoding = 4; lastKnownFileType = sourcecode.c.h; path = XYPieChart.h; sourceTree = "<group>"; };
		40ECFBFB1D8AF2ED003102E5 /* XYPieChart.m */ = {isa = PBXFileReference; fileEncoding = 4; lastKnownFileType = sourcecode.c.objc; path = XYPieChart.m; sourceTree = "<group>"; };
		40ECFC031D8B1BC9003102E5 /* tabBG1.png */ = {isa = PBXFileReference; lastKnownFileType = image.png; path = tabBG1.png; sourceTree = "<group>"; };
		40ECFC051D8B52F3003102E5 /* rosterCostsBrokerEmployerViewController.h */ = {isa = PBXFileReference; fileEncoding = 4; lastKnownFileType = sourcecode.c.h; path = rosterCostsBrokerEmployerViewController.h; sourceTree = "<group>"; };
		40ECFC061D8B52F3003102E5 /* rosterCostsBrokerEmployerViewController.m */ = {isa = PBXFileReference; fileEncoding = 4; lastKnownFileType = sourcecode.c.objc; path = rosterCostsBrokerEmployerViewController.m; sourceTree = "<group>"; };
		40EE69791D8A095100BCB351 /* employerTabController.h */ = {isa = PBXFileReference; fileEncoding = 4; lastKnownFileType = sourcecode.c.h; path = employerTabController.h; sourceTree = "<group>"; };
		40EE697A1D8A095100BCB351 /* employerTabController.m */ = {isa = PBXFileReference; fileEncoding = 4; lastKnownFileType = sourcecode.c.objc; path = employerTabController.m; sourceTree = "<group>"; };
		40EEC8511D5104CB0071FFD5 /* callus54x54.png */ = {isa = PBXFileReference; lastKnownFileType = image.png; path = callus54x54.png; sourceTree = "<group>"; };
		40EEC8521D5104CB0071FFD5 /* emailus54x54.png */ = {isa = PBXFileReference; lastKnownFileType = image.png; path = emailus54x54.png; sourceTree = "<group>"; };
		40EEC8571D5112EE0071FFD5 /* tutorialViewController.h */ = {isa = PBXFileReference; fileEncoding = 4; lastKnownFileType = sourcecode.c.h; path = tutorialViewController.h; sourceTree = "<group>"; };
		40EEC8581D5112EE0071FFD5 /* tutorialViewController.m */ = {isa = PBXFileReference; fileEncoding = 4; lastKnownFileType = sourcecode.c.objc; path = tutorialViewController.m; sourceTree = "<group>"; };
		40EEC8591D5112EE0071FFD5 /* tutorialViewController.xib */ = {isa = PBXFileReference; fileEncoding = 4; lastKnownFileType = file.xib; path = tutorialViewController.xib; sourceTree = "<group>"; };
		40EEC85E1D512B690071FFD5 /* chevron.png */ = {isa = PBXFileReference; lastKnownFileType = image.png; path = chevron.png; sourceTree = "<group>"; };
		40F07D3D1D84360400BD3B7C /* detailBrokerEmployerViewController.h */ = {isa = PBXFileReference; fileEncoding = 4; lastKnownFileType = sourcecode.c.h; path = detailBrokerEmployerViewController.h; sourceTree = "<group>"; };
		40F07D3E1D84360400BD3B7C /* detailBrokerEmployerViewController.m */ = {isa = PBXFileReference; fileEncoding = 4; lastKnownFileType = sourcecode.c.objc; path = detailBrokerEmployerViewController.m; sourceTree = "<group>"; };
		40F1FB931D84DD75005EF01F /* CoreGraphics.framework */ = {isa = PBXFileReference; lastKnownFileType = wrapper.framework; name = CoreGraphics.framework; path = System/Library/Frameworks/CoreGraphics.framework; sourceTree = SDKROOT; };
		40F241131D3E9D3100DC1439 /* CarrierListTableViewController.h */ = {isa = PBXFileReference; fileEncoding = 4; lastKnownFileType = sourcecode.c.h; path = CarrierListTableViewController.h; sourceTree = "<group>"; };
		40F241141D3E9D3100DC1439 /* CarrierListTableViewController.m */ = {isa = PBXFileReference; fileEncoding = 4; lastKnownFileType = sourcecode.c.objc; path = CarrierListTableViewController.m; sourceTree = "<group>"; };
		40F63B691DAE5ED5006CDA13 /* HeaderView.h */ = {isa = PBXFileReference; fileEncoding = 4; lastKnownFileType = sourcecode.c.h; path = HeaderView.h; sourceTree = "<group>"; };
		40F63B6A1DAE5ED5006CDA13 /* HeaderView.m */ = {isa = PBXFileReference; fileEncoding = 4; lastKnownFileType = sourcecode.c.objc; path = HeaderView.m; sourceTree = "<group>"; };
		40F6DD9E1D8987020095519C /* close_arrow32x32.png */ = {isa = PBXFileReference; lastKnownFileType = image.png; path = close_arrow32x32.png; sourceTree = "<group>"; };
		40F6DD9F1D8987020095519C /* open_plus32x32.png */ = {isa = PBXFileReference; lastKnownFileType = image.png; path = open_plus32x32.png; sourceTree = "<group>"; };
		40F6DDA21D899F340095519C /* infonormal40_text.png */ = {isa = PBXFileReference; lastKnownFileType = image.png; path = infonormal40_text.png; sourceTree = "<group>"; };
		40F6DDA41D89A3E40095519C /* infoactive32.png */ = {isa = PBXFileReference; lastKnownFileType = image.png; path = infoactive32.png; sourceTree = "<group>"; };
		40F6DDA61D89ABEA0095519C /* home_selected.png */ = {isa = PBXFileReference; lastKnownFileType = image.png; path = home_selected.png; sourceTree = "<group>"; };
		40F6DDA81D89ABF70095519C /* home.png */ = {isa = PBXFileReference; lastKnownFileType = image.png; path = home.png; sourceTree = "<group>"; };
		40F6DDAA1D89AC180095519C /* tabbar_selected.png */ = {isa = PBXFileReference; lastKnownFileType = image.png; path = tabbar_selected.png; sourceTree = "<group>"; };
		40F6DDAC1D89AE590095519C /* tabBG.png */ = {isa = PBXFileReference; lastKnownFileType = image.png; path = tabBG.png; sourceTree = "<group>"; };
		40F6DDAE1D89B9E50095519C /* rosterBrokerEmployerViewController.h */ = {isa = PBXFileReference; fileEncoding = 4; lastKnownFileType = sourcecode.c.h; path = rosterBrokerEmployerViewController.h; sourceTree = "<group>"; };
		40F6DDAF1D89B9E50095519C /* rosterBrokerEmployerViewController.m */ = {isa = PBXFileReference; fileEncoding = 4; lastKnownFileType = sourcecode.c.objc; path = rosterBrokerEmployerViewController.m; sourceTree = "<group>"; };
		40F6DDB11D89BB280095519C /* rosteractive32.png */ = {isa = PBXFileReference; lastKnownFileType = image.png; path = rosteractive32.png; sourceTree = "<group>"; };
		40F6F8B31D8861A0003279DD /* infonormal48.png */ = {isa = PBXFileReference; lastKnownFileType = image.png; path = infonormal48.png; sourceTree = "<group>"; };
		40F6F8B91D886413003279DD /* infonormal40.png */ = {isa = PBXFileReference; lastKnownFileType = image.png; path = infonormal40.png; sourceTree = "<group>"; };
		40F6F8BB1D8864E6003279DD /* infonormal32.png */ = {isa = PBXFileReference; lastKnownFileType = image.png; path = infonormal32.png; sourceTree = "<group>"; };
		40F6F8C11D88727D003279DD /* rosternormal32.png */ = {isa = PBXFileReference; lastKnownFileType = image.png; path = rosternormal32.png; sourceTree = "<group>"; };
		40F6F8C21D88727D003279DD /* costsnormal32.png */ = {isa = PBXFileReference; lastKnownFileType = image.png; path = costsnormal32.png; sourceTree = "<group>"; };
		40F6F8C51D887BE9003279DD /* plansnormal32.png */ = {isa = PBXFileReference; lastKnownFileType = image.png; path = plansnormal32.png; sourceTree = "<group>"; };
		40F8BFA61DB94D3F00FFEEDE /* check_yellow.png */ = {isa = PBXFileReference; lastKnownFileType = image.png; path = check_yellow.png; sourceTree = "<group>"; };
		40F8BFA81DB94DE500FFEEDE /* check_green.png */ = {isa = PBXFileReference; lastKnownFileType = image.png; path = check_green.png; sourceTree = "<group>"; };
		40F8BFAA1DB94E3300FFEEDE /* check_purple.png */ = {isa = PBXFileReference; lastKnownFileType = image.png; path = check_purple.png; sourceTree = "<group>"; };
/* End PBXFileReference section */

/* Begin PBXFrameworksBuildPhase section */
		13FF47061C8A2C5600C7C851 /* Frameworks */ = {
			isa = PBXFrameworksBuildPhase;
			buildActionMask = 2147483647;
			files = (
				40F1FB941D84DD75005EF01F /* CoreGraphics.framework in Frameworks */,
				130AA2831CEE568900B43F24 /* MessageUI.framework in Frameworks */,
				134DE7A61CED442E00F8958A /* MapKit.framework in Frameworks */,
				136C32401CECA2EF00E95860 /* CoreLocation.framework in Frameworks */,
				1316CEC81CC586510075B214 /* QuartzCore.framework in Frameworks */,
				138119E41C9ADF93000A75AA /* SystemConfiguration.framework in Frameworks */,
				138119E21C9ADF7F000A75AA /* libz.tbd in Frameworks */,
			);
			runOnlyForDeploymentPostprocessing = 0;
		};
		13FF47221C8A2C5600C7C851 /* Frameworks */ = {
			isa = PBXFrameworksBuildPhase;
			buildActionMask = 2147483647;
			files = (
			);
			runOnlyForDeploymentPostprocessing = 0;
		};
		13FF472D1C8A2C5600C7C851 /* Frameworks */ = {
			isa = PBXFrameworksBuildPhase;
			buildActionMask = 2147483647;
			files = (
			);
			runOnlyForDeploymentPostprocessing = 0;
		};
/* End PBXFrameworksBuildPhase section */

/* Begin PBXGroup section */
		1316CEAA1CC50A4C0075B214 /* Fonts */ = {
			isa = PBXGroup;
			children = (
				13A382061CDB2E3E006B5984 /* Roboto-Black.ttf */,
				13A382071CDB2E3E006B5984 /* Roboto-BlackItalic.ttf */,
				13A382081CDB2E3E006B5984 /* Roboto-Bold.ttf */,
				13A382091CDB2E3E006B5984 /* Roboto-BoldItalic.ttf */,
				13A3820A1CDB2E3E006B5984 /* Roboto-Italic.ttf */,
				13A3820B1CDB2E3E006B5984 /* Roboto-Light.ttf */,
				13A3820C1CDB2E3E006B5984 /* Roboto-LightItalic.ttf */,
				13A3820D1CDB2E3E006B5984 /* Roboto-Medium.ttf */,
				13A3820E1CDB2E3E006B5984 /* Roboto-MediumItalic.ttf */,
				13A3820F1CDB2E3E006B5984 /* Roboto-Regular.ttf */,
				13A382101CDB2E3E006B5984 /* Roboto-Thin.ttf */,
				13A382111CDB2E3E006B5984 /* Roboto-ThinItalic.ttf */,
			);
			name = Fonts;
			sourceTree = "<group>";
		};
		134A09DB1CBE814D00CD3229 /* Notes */ = {
			isa = PBXGroup;
			children = (
				134A09DC1CBE817000CD3229 /* SSL Certificate Creation */,
			);
			name = Notes;
			sourceTree = "<group>";
		};
		134DE79B1CECEF4F00F8958A /* MGSwipe */ = {
			isa = PBXGroup;
			children = (
				134DE79C1CECEF6600F8958A /* MGSwipeButton.h */,
				134DE79D1CECEF6600F8958A /* MGSwipeButton.m */,
				134DE79E1CECEF6600F8958A /* MGSwipeTableCell.h */,
				134DE79F1CECEF6600F8958A /* MGSwipeTableCell.m */,
			);
			name = MGSwipe;
			sourceTree = "<group>";
		};
		13A382221CDB2FCD006B5984 /* carriers */ = {
			isa = PBXGroup;
			children = (
				13A382231CDB2FE8006B5984 /* carefirst_logo_k_2935.png */,
				13A382241CDB2FE8006B5984 /* kaiser.jpg */,
			);
			name = carriers;
			sourceTree = "<group>";
		};
		13F1699F1D2D3E58004DF9B9 /* en */ = {
			isa = PBXGroup;
			children = (
				13F169A01D2D3E70004DF9B9 /* Localizable.strings */,
			);
			name = en;
			sourceTree = "<group>";
		};
		13FF47001C8A2C5600C7C851 = {
			isa = PBXGroup;
			children = (
				40F1FB931D84DD75005EF01F /* CoreGraphics.framework */,
				130AA2821CEE568900B43F24 /* MessageUI.framework */,
				134DE7A51CED442E00F8958A /* MapKit.framework */,
				136C323F1CECA2EF00E95860 /* CoreLocation.framework */,
				1316CEC71CC586510075B214 /* QuartzCore.framework */,
				138119E31C9ADF93000A75AA /* SystemConfiguration.framework */,
				138119E11C9ADF7F000A75AA /* libz.tbd */,
				13FF470B1C8A2C5600C7C851 /* HBXMobile */,
				13FF47281C8A2C5600C7C851 /* HBXMobileTests */,
				13FF47331C8A2C5600C7C851 /* HBXMobileUITests */,
				13FF470A1C8A2C5600C7C851 /* Products */,
			);
			sourceTree = "<group>";
		};
		13FF470A1C8A2C5600C7C851 /* Products */ = {
			isa = PBXGroup;
			children = (
				13FF47091C8A2C5600C7C851 /* HBXMobile.app */,
				13FF47251C8A2C5600C7C851 /* HBXMobileTests.xctest */,
				13FF47301C8A2C5600C7C851 /* HBXMobileUITests.xctest */,
			);
			name = Products;
			sourceTree = "<group>";
		};
		13FF470B1C8A2C5600C7C851 /* HBXMobile */ = {
			isa = PBXGroup;
			children = (
				4039C8841D8C035100F7EA7B /* UISlideView.h */,
				4039C8851D8C035100F7EA7B /* UISlideView.m */,
				40ECFBF91D8AF2ED003102E5 /* XYGraph */,
				13316B121D21B0D9001A450C /* Settings.h */,
				13316B131D21B0D9001A450C /* Settings.m */,
				134DE79B1CECEF4F00F8958A /* MGSwipe */,
				138119DA1C9ADBF1000A75AA /* Constants.h */,
				138119DB1C9ADBF1000A75AA /* Constants.m */,
				13FF47421C8A2D0100C7C851 /* Keychain */,
				13FF470F1C8A2C5600C7C851 /* AppDelegate.h */,
				13FF47101C8A2C5600C7C851 /* AppDelegate.m */,
				13FF47121C8A2C5600C7C851 /* ViewController.h */,
				13FF47131C8A2C5600C7C851 /* ViewController.m */,
				13FF47151C8A2C5600C7C851 /* Main.storyboard */,
				13FF471B1C8A2C5600C7C851 /* Assets.xcassets */,
				13FF471D1C8A2C5600C7C851 /* LaunchScreen.storyboard */,
				13FF47201C8A2C5600C7C851 /* Info.plist */,
				13FF47181C8A2C5600C7C851 /* HBXMobile.xcdatamodeld */,
				13FF470C1C8A2C5600C7C851 /* Supporting Files */,
				137327541C8DECA800B0F6E1 /* SlideNavigationController.h */,
				137327551C8DECA800B0F6E1 /* SlideNavigationController.m */,
				137327571C8F268D00B0F6E1 /* LeftMenuSlideOutTableViewController.h */,
				137327581C8F268D00B0F6E1 /* LeftMenuSlideOutTableViewController.m */,
				13AC2A291CEA46CC0079DFF2 /* brokerPlanDetailViewController.h */,
				13AC2A2A1CEA46CC0079DFF2 /* brokerPlanDetailViewController.m */,
				13A373101D0B279F008CA0E1 /* ConfigViewController.h */,
				13A373111D0B279F008CA0E1 /* ConfigViewController.m */,
				13B8298F1D2C6AF800F1A571 /* BrokerAccountTableViewController.h */,
				13B829901D2C6AF800F1A571 /* BrokerAccountTableViewController.m */,
				13F16A1E1D2FFFC9004DF9B9 /* brokerSearchResultTableViewController.h */,
				13F16A1F1D2FFFC9004DF9B9 /* brokerSearchResultTableViewController.m */,
				13273AF41D352D520097D245 /* brokerEmployersData.h */,
				13273AF51D352D520097D245 /* brokerEmployersData.m */,
				13273AFA1D366FE60097D245 /* popupMessageBox.h */,
				13273AFB1D366FE60097D245 /* popupMessageBox.m */,
				13273AFC1D366FE60097D245 /* popupMessageBox.xib */,
				40F241131D3E9D3100DC1439 /* CarrierListTableViewController.h */,
				40F241141D3E9D3100DC1439 /* CarrierListTableViewController.m */,
				40D466AD1D3EC24200ADC1FC /* CarrierListViewController.h */,
				40D466AE1D3EC24200ADC1FC /* CarrierListViewController.m */,
				40EEC8571D5112EE0071FFD5 /* tutorialViewController.h */,
				40EEC8581D5112EE0071FFD5 /* tutorialViewController.m */,
				40EEC8591D5112EE0071FFD5 /* tutorialViewController.xib */,
				4017F78D1D8077C00093CE90 /* StoryboardiPad.storyboard */,
				40F07D3D1D84360400BD3B7C /* detailBrokerEmployerViewController.h */,
				40F07D3E1D84360400BD3B7C /* detailBrokerEmployerViewController.m */,
				40F6DDAE1D89B9E50095519C /* rosterBrokerEmployerViewController.h */,
				40F6DDAF1D89B9E50095519C /* rosterBrokerEmployerViewController.m */,
				40EE69791D8A095100BCB351 /* employerTabController.h */,
				40EE697A1D8A095100BCB351 /* employerTabController.m */,
				40ECFC051D8B52F3003102E5 /* rosterCostsBrokerEmployerViewController.h */,
				40ECFC061D8B52F3003102E5 /* rosterCostsBrokerEmployerViewController.m */,
				133254271D916C56003C621F /* plansBrokerEmployerViewController.h */,
				133254281D916C56003C621F /* plansBrokerEmployerViewController.m */,
				139176621D91D80D005864D1 /* benefitGroupCardView.h */,
				139176631D91D80D005864D1 /* benefitGroupCardView.m */,
				13CBA70E1DA5838100481667 /* EmployeeProfileViewController.h */,
				13CBA70F1DA5838100481667 /* EmployeeProfileViewController.m */,
				40F63B691DAE5ED5006CDA13 /* HeaderView.h */,
				40F63B6A1DAE5ED5006CDA13 /* HeaderView.m */,
			);
			path = HBXMobile;
			sourceTree = "<group>";
		};
		13FF470C1C8A2C5600C7C851 /* Supporting Files */ = {
			isa = PBXGroup;
			children = (
				13F1699F1D2D3E58004DF9B9 /* en */,
				1316CEAA1CC50A4C0075B214 /* Fonts */,
				134A09DB1CBE814D00CD3229 /* Notes */,
				134A09D91CBE7D7F00CD3229 /* server.der */,
				13FF47461C8A2D2900C7C851 /* Images */,
				13FF470D1C8A2C5600C7C851 /* main.m */,
				13B829941D2D32FA00F1A571 /* Localizable.strings */,
			);
			name = "Supporting Files";
			sourceTree = "<group>";
		};
		13FF47281C8A2C5600C7C851 /* HBXMobileTests */ = {
			isa = PBXGroup;
			children = (
				13FF47291C8A2C5600C7C851 /* HBXMobileTests.m */,
				13FF472B1C8A2C5600C7C851 /* Info.plist */,
			);
			path = HBXMobileTests;
			sourceTree = "<group>";
		};
		13FF47331C8A2C5600C7C851 /* HBXMobileUITests */ = {
			isa = PBXGroup;
			children = (
				13FF47341C8A2C5600C7C851 /* HBXMobileUITests.m */,
				13FF47361C8A2C5600C7C851 /* Info.plist */,
			);
			path = HBXMobileUITests;
			sourceTree = "<group>";
		};
		13FF47421C8A2D0100C7C851 /* Keychain */ = {
			isa = PBXGroup;
			children = (
				13FF47431C8A2D1B00C7C851 /* KeychainItemWrapper.h */,
				13FF47441C8A2D1B00C7C851 /* KeychainItemWrapper.m */,
			);
			name = Keychain;
			sourceTree = "<group>";
		};
		13FF47461C8A2D2900C7C851 /* Images */ = {
			isa = PBXGroup;
			children = (
				403B5EB81DCBCEC600A4FAD8 /* openarrow-down.png */,
				403B5EB61DCB8F8200A4FAD8 /* infoactive48.png */,
				403B5EB21DCB8F2600A4FAD8 /* plansactive48.png */,
				403B5EB31DCB8F2600A4FAD8 /* plansnormal48.png */,
				403B5EAE1DCB8E9200A4FAD8 /* costsactive48.png */,
				403B5EAF1DCB8E9200A4FAD8 /* costsnormal48.png */,
				403B5EAA1DCB8D3900A4FAD8 /* rosteractive48.png */,
				403B5EAB1DCB8D3900A4FAD8 /* rosternormal48.png */,
				403B5EA81DCB8BD500A4FAD8 /* advice_blue-1-3.png */,
				403B5EA01DCB72FB00A4FAD8 /* message-2.png */,
				403B5EA11DCB72FB00A4FAD8 /* phone-2.png */,
				403B5E9E1DCB729600A4FAD8 /* location-2.png */,
				403B5E9C1DCB71D800A4FAD8 /* email-2.png */,
				40F8BFAA1DB94E3300FFEEDE /* check_purple.png */,
				40F8BFA81DB94DE500FFEEDE /* check_green.png */,
				40F8BFA61DB94D3F00FFEEDE /* check_yellow.png */,
				1385FDFE1D9C0E2800A277BC /* CloseCaret.png */,
				1385FDFF1D9C0E2800A277BC /* OpenCaret.png */,
				1385FDFC1D9BEF4600A277BC /* BrokerMVP_AppHeader512x147.png */,
				400AE1F31D940C6F0097DEA6 /* plansactive32.png */,
				400AE1F11D9407AE0097DEA6 /* costsactive32.png */,
				4039C8871D8C50AB00F7EA7B /* check_waived.png */,
				4039C8881D8C50AB00F7EA7B /* check_showall.png */,
				4039C8891D8C50AB00F7EA7B /* check_notenrolled.png */,
				4039C88A1D8C50AB00F7EA7B /* check_enrolled.png */,
				40ECFC031D8B1BC9003102E5 /* tabBG1.png */,
				40F6DDB11D89BB280095519C /* rosteractive32.png */,
				40F6DDAC1D89AE590095519C /* tabBG.png */,
				40F6DDAA1D89AC180095519C /* tabbar_selected.png */,
				40F6DDA81D89ABF70095519C /* home.png */,
				40F6DDA61D89ABEA0095519C /* home_selected.png */,
				40F6DDA41D89A3E40095519C /* infoactive32.png */,
				40F6DDA21D899F340095519C /* infonormal40_text.png */,
				40F6DD9E1D8987020095519C /* close_arrow32x32.png */,
				40F6DD9F1D8987020095519C /* open_plus32x32.png */,
				40F6F8C51D887BE9003279DD /* plansnormal32.png */,
				40F6F8C11D88727D003279DD /* rosternormal32.png */,
				40F6F8C21D88727D003279DD /* costsnormal32.png */,
				40F6F8BB1D8864E6003279DD /* infonormal32.png */,
				40F6F8B91D886413003279DD /* infonormal40.png */,
				40F6F8B31D8861A0003279DD /* infonormal48.png */,
				4036BEEE1D5E616B000F6182 /* refresh.png */,
				40EEC85E1D512B690071FFD5 /* chevron.png */,
				40EEC8511D5104CB0071FFD5 /* callus54x54.png */,
				40EEC8521D5104CB0071FFD5 /* emailus54x54.png */,
				40003F391D4FFCFF00CD059B /* DCHealthLink_LogoWHT1.png */,
				40003F271D4FE45800CD059B /* phone.png */,
				40003F281D4FE45800CD059B /* message.png */,
				40003F291D4FE45800CD059B /* location.png */,
				40003F2A1D4FE45800CD059B /* email.png */,
				40003F2B1D4FE45800CD059B /* phoneWHT.png */,
				40003F2C1D4FE45800CD059B /* emailWHT.png */,
				40003F251D4FC51900CD059B /* uparrowWHT.png */,
				13A3730E1D0B1B3F008CA0E1 /* gear.png */,
				13A373061D084053008CA0E1 /* header-employer-2.png */,
				13A382221CDB2FCD006B5984 /* carriers */,
				13A3821E1CDB2F4D006B5984 /* menu-icon.png */,
				13A3821F1CDB2F4D006B5984 /* menu-icon@2x.png */,
			);
			name = Images;
			sourceTree = "<group>";
		};
		40ECFBF91D8AF2ED003102E5 /* XYGraph */ = {
			isa = PBXGroup;
			children = (
				40ECFBFA1D8AF2ED003102E5 /* XYPieChart.h */,
				40ECFBFB1D8AF2ED003102E5 /* XYPieChart.m */,
			);
			path = XYGraph;
			sourceTree = "<group>";
		};
/* End PBXGroup section */

/* Begin PBXNativeTarget section */
		13FF47081C8A2C5600C7C851 /* 		 */ = {
			isa = PBXNativeTarget;
			buildConfigurationList = 13FF47391C8A2C5600C7C851 /* Build configuration list for PBXNativeTarget "		" */;
			buildPhases = (
				13FF47051C8A2C5600C7C851 /* Sources */,
				13FF47061C8A2C5600C7C851 /* Frameworks */,
				13FF47071C8A2C5600C7C851 /* Resources */,
			);
			buildRules = (
			);
			dependencies = (
			);
			name = "		";
			productName = HBXMobile;
			productReference = 13FF47091C8A2C5600C7C851 /* HBXMobile.app */;
			productType = "com.apple.product-type.application";
		};
		13FF47241C8A2C5600C7C851 /* HBXMobileTests */ = {
			isa = PBXNativeTarget;
			buildConfigurationList = 13FF473C1C8A2C5600C7C851 /* Build configuration list for PBXNativeTarget "HBXMobileTests" */;
			buildPhases = (
				13FF47211C8A2C5600C7C851 /* Sources */,
				13FF47221C8A2C5600C7C851 /* Frameworks */,
				13FF47231C8A2C5600C7C851 /* Resources */,
			);
			buildRules = (
			);
			dependencies = (
				13FF47271C8A2C5600C7C851 /* PBXTargetDependency */,
			);
			name = HBXMobileTests;
			productName = HBXMobileTests;
			productReference = 13FF47251C8A2C5600C7C851 /* HBXMobileTests.xctest */;
			productType = "com.apple.product-type.bundle.unit-test";
		};
		13FF472F1C8A2C5600C7C851 /* HBXMobileUITests */ = {
			isa = PBXNativeTarget;
			buildConfigurationList = 13FF473F1C8A2C5600C7C851 /* Build configuration list for PBXNativeTarget "HBXMobileUITests" */;
			buildPhases = (
				13FF472C1C8A2C5600C7C851 /* Sources */,
				13FF472D1C8A2C5600C7C851 /* Frameworks */,
				13FF472E1C8A2C5600C7C851 /* Resources */,
			);
			buildRules = (
			);
			dependencies = (
				13FF47321C8A2C5600C7C851 /* PBXTargetDependency */,
			);
			name = HBXMobileUITests;
			productName = HBXMobileUITests;
			productReference = 13FF47301C8A2C5600C7C851 /* HBXMobileUITests.xctest */;
			productType = "com.apple.product-type.bundle.ui-testing";
		};
/* End PBXNativeTarget section */

/* Begin PBXProject section */
		13FF47011C8A2C5600C7C851 /* Project object */ = {
			isa = PBXProject;
			attributes = {
				LastSwiftUpdateCheck = 0730;
				LastUpgradeCheck = 0800;
				ORGANIZATIONNAME = "David Boyd";
				TargetAttributes = {
					13FF47081C8A2C5600C7C851 = {
						CreatedOnToolsVersion = 7.2.1;
						DevelopmentTeam = 7S5T868H63;
						SystemCapabilities = {
							com.apple.Push = {
								enabled = 1;
							};
						};
					};
					13FF47241C8A2C5600C7C851 = {
						CreatedOnToolsVersion = 7.2.1;
						TestTargetID = 13FF47081C8A2C5600C7C851;
					};
					13FF472F1C8A2C5600C7C851 = {
						CreatedOnToolsVersion = 7.2.1;
						TestTargetID = 13FF47081C8A2C5600C7C851;
					};
				};
			};
			buildConfigurationList = 13FF47041C8A2C5600C7C851 /* Build configuration list for PBXProject "HBXMobile" */;
			compatibilityVersion = "Xcode 3.2";
			developmentRegion = English;
			hasScannedForEncodings = 0;
			knownRegions = (
				en,
				Base,
				es,
			);
			mainGroup = 13FF47001C8A2C5600C7C851;
			productRefGroup = 13FF470A1C8A2C5600C7C851 /* Products */;
			projectDirPath = "";
			projectRoot = "";
			targets = (
				13FF47081C8A2C5600C7C851 /* 		 */,
				13FF47241C8A2C5600C7C851 /* HBXMobileTests */,
				13FF472F1C8A2C5600C7C851 /* HBXMobileUITests */,
			);
		};
/* End PBXProject section */

/* Begin PBXResourcesBuildPhase section */
		13FF47071C8A2C5600C7C851 /* Resources */ = {
			isa = PBXResourcesBuildPhase;
			buildActionMask = 2147483647;
			files = (
				40F6DDA91D89ABF70095519C /* home.png in Resources */,
				403B5EAD1DCB8D3900A4FAD8 /* rosternormal48.png in Resources */,
				40003F3A1D4FFCFF00CD059B /* DCHealthLink_LogoWHT1.png in Resources */,
				40003F2E1D4FE45800CD059B /* message.png in Resources */,
				40F8BFA91DB94DE500FFEEDE /* check_green.png in Resources */,
				40F8BFAB1DB94E3300FFEEDE /* check_purple.png in Resources */,
				40003F311D4FE45800CD059B /* phoneWHT.png in Resources */,
				403B5EB71DCB8F8200A4FAD8 /* infoactive48.png in Resources */,
				403B5EA21DCB72FB00A4FAD8 /* message-2.png in Resources */,
				13A382161CDB2E3E006B5984 /* Roboto-Italic.ttf in Resources */,
				40ECFC041D8B1BC9003102E5 /* tabBG1.png in Resources */,
				4039C88D1D8C50AB00F7EA7B /* check_notenrolled.png in Resources */,
				13FF471F1C8A2C5600C7C851 /* LaunchScreen.storyboard in Resources */,
				40EEC85F1D512B690071FFD5 /* chevron.png in Resources */,
				40F6F8C31D88727D003279DD /* rosternormal32.png in Resources */,
				400AE1F21D9407AE0097DEA6 /* costsactive32.png in Resources */,
				403B5EAC1DCB8D3900A4FAD8 /* rosteractive48.png in Resources */,
				403B5EB11DCB8E9200A4FAD8 /* costsnormal48.png in Resources */,
				40003F2F1D4FE45800CD059B /* location.png in Resources */,
				403B5EB51DCB8F2600A4FAD8 /* plansnormal48.png in Resources */,
				13273AFE1D366FE60097D245 /* popupMessageBox.xib in Resources */,
				134A09DD1CBE817000CD3229 /* SSL Certificate Creation in Resources */,
				13A382251CDB2FE8006B5984 /* carefirst_logo_k_2935.png in Resources */,
				403B5E9F1DCB729600A4FAD8 /* location-2.png in Resources */,
				40F6DDA01D8987020095519C /* close_arrow32x32.png in Resources */,
				13A382141CDB2E3E006B5984 /* Roboto-Bold.ttf in Resources */,
				403B5EB41DCB8F2600A4FAD8 /* plansactive48.png in Resources */,
				4039C88E1D8C50AB00F7EA7B /* check_enrolled.png in Resources */,
				13A382211CDB2F4D006B5984 /* menu-icon@2x.png in Resources */,
				4039C88C1D8C50AB00F7EA7B /* check_showall.png in Resources */,
				13A382121CDB2E3E006B5984 /* Roboto-Black.ttf in Resources */,
				40F6DDB21D89BB280095519C /* rosteractive32.png in Resources */,
				13A3821C1CDB2E3E006B5984 /* Roboto-Thin.ttf in Resources */,
				13B829961D2D32FA00F1A571 /* Localizable.strings in Resources */,
				13FF471C1C8A2C5600C7C851 /* Assets.xcassets in Resources */,
				40F6F8BC1D8864E6003279DD /* infonormal32.png in Resources */,
				13A3821B1CDB2E3E006B5984 /* Roboto-Regular.ttf in Resources */,
				40F6F8BA1D886413003279DD /* infonormal40.png in Resources */,
				40F6DDA31D899F340095519C /* infonormal40_text.png in Resources */,
				13F169A21D2D3E70004DF9B9 /* Localizable.strings in Resources */,
				40EEC85B1D5112EE0071FFD5 /* tutorialViewController.xib in Resources */,
				40F6DDA71D89ABEA0095519C /* home_selected.png in Resources */,
				40003F301D4FE45800CD059B /* email.png in Resources */,
				4039C88B1D8C50AB00F7EA7B /* check_waived.png in Resources */,
				40F6F8C61D887BE9003279DD /* plansnormal32.png in Resources */,
				40003F321D4FE45800CD059B /* emailWHT.png in Resources */,
				403B5E9D1DCB71D800A4FAD8 /* email-2.png in Resources */,
				134A09DA1CBE7D7F00CD3229 /* server.der in Resources */,
				403B5EA91DCB8BD500A4FAD8 /* advice_blue-1-3.png in Resources */,
				40EEC8541D5104CB0071FFD5 /* emailus54x54.png in Resources */,
				1385FE001D9C0E2800A277BC /* CloseCaret.png in Resources */,
				40EEC8531D5104CB0071FFD5 /* callus54x54.png in Resources */,
				40F8BFA71DB94D3F00FFEEDE /* check_yellow.png in Resources */,
				40003F261D4FC51900CD059B /* uparrowWHT.png in Resources */,
				40F6DDA11D8987020095519C /* open_plus32x32.png in Resources */,
				13A3821D1CDB2E3E006B5984 /* Roboto-ThinItalic.ttf in Resources */,
				13A382201CDB2F4D006B5984 /* menu-icon.png in Resources */,
				13A382171CDB2E3E006B5984 /* Roboto-Light.ttf in Resources */,
				13A382191CDB2E3E006B5984 /* Roboto-Medium.ttf in Resources */,
				13A382261CDB2FE8006B5984 /* kaiser.jpg in Resources */,
				403B5EB91DCBCEC600A4FAD8 /* openarrow-down.png in Resources */,
				13A373071D084053008CA0E1 /* header-employer-2.png in Resources */,
				40F6DDA51D89A3E50095519C /* infoactive32.png in Resources */,
				13A382131CDB2E3E006B5984 /* Roboto-BlackItalic.ttf in Resources */,
				40F6DDAD1D89AE590095519C /* tabBG.png in Resources */,
				40F6F8C41D88727D003279DD /* costsnormal32.png in Resources */,
				13FF47171C8A2C5600C7C851 /* Main.storyboard in Resources */,
				1385FDFD1D9BEF4600A277BC /* BrokerMVP_AppHeader512x147.png in Resources */,
				4036BEEF1D5E616B000F6182 /* refresh.png in Resources */,
				13A3730F1D0B1B3F008CA0E1 /* gear.png in Resources */,
				40F6F8B41D8861A0003279DD /* infonormal48.png in Resources */,
				40F6DDAB1D89AC180095519C /* tabbar_selected.png in Resources */,
				13A382181CDB2E3E006B5984 /* Roboto-LightItalic.ttf in Resources */,
				400AE1F41D940C6F0097DEA6 /* plansactive32.png in Resources */,
				4017F78E1D8077C00093CE90 /* StoryboardiPad.storyboard in Resources */,
				40003F2D1D4FE45800CD059B /* phone.png in Resources */,
				1385FE011D9C0E2800A277BC /* OpenCaret.png in Resources */,
				403B5EB01DCB8E9200A4FAD8 /* costsactive48.png in Resources */,
				13A3821A1CDB2E3E006B5984 /* Roboto-MediumItalic.ttf in Resources */,
				13A382151CDB2E3E006B5984 /* Roboto-BoldItalic.ttf in Resources */,
				403B5EA31DCB72FB00A4FAD8 /* phone-2.png in Resources */,
			);
			runOnlyForDeploymentPostprocessing = 0;
		};
		13FF47231C8A2C5600C7C851 /* Resources */ = {
			isa = PBXResourcesBuildPhase;
			buildActionMask = 2147483647;
			files = (
			);
			runOnlyForDeploymentPostprocessing = 0;
		};
		13FF472E1C8A2C5600C7C851 /* Resources */ = {
			isa = PBXResourcesBuildPhase;
			buildActionMask = 2147483647;
			files = (
			);
			runOnlyForDeploymentPostprocessing = 0;
		};
/* End PBXResourcesBuildPhase section */

/* Begin PBXSourcesBuildPhase section */
		13FF47051C8A2C5600C7C851 /* Sources */ = {
			isa = PBXSourcesBuildPhase;
			buildActionMask = 2147483647;
			files = (
				40ECFBFC1D8AF2ED003102E5 /* XYPieChart.m in Sources */,
				40F63B6B1DAE5ED5006CDA13 /* HeaderView.m in Sources */,
				137327591C8F268D00B0F6E1 /* LeftMenuSlideOutTableViewController.m in Sources */,
				13FF471A1C8A2C5600C7C851 /* HBXMobile.xcdatamodeld in Sources */,
				40EEC85A1D5112EE0071FFD5 /* tutorialViewController.m in Sources */,
				13CBA7101DA5838100481667 /* EmployeeProfileViewController.m in Sources */,
				133254291D916C56003C621F /* plansBrokerEmployerViewController.m in Sources */,
				134DE7A01CECEF6600F8958A /* MGSwipeButton.m in Sources */,
				13F16A201D2FFFC9004DF9B9 /* brokerSearchResultTableViewController.m in Sources */,
				13FF47141C8A2C5600C7C851 /* ViewController.m in Sources */,
				139176641D91D80D005864D1 /* benefitGroupCardView.m in Sources */,
				137327561C8DECA800B0F6E1 /* SlideNavigationController.m in Sources */,
				40D466AF1D3EC24200ADC1FC /* CarrierListViewController.m in Sources */,
				13273AFD1D366FE60097D245 /* popupMessageBox.m in Sources */,
				40EE697B1D8A095100BCB351 /* employerTabController.m in Sources */,
				13FF47111C8A2C5600C7C851 /* AppDelegate.m in Sources */,
				40F07D3F1D84360400BD3B7C /* detailBrokerEmployerViewController.m in Sources */,
				13316B141D21B0D9001A450C /* Settings.m in Sources */,
				40ECFC071D8B52F3003102E5 /* rosterCostsBrokerEmployerViewController.m in Sources */,
				13A373121D0B279F008CA0E1 /* ConfigViewController.m in Sources */,
				4039C8861D8C035100F7EA7B /* UISlideView.m in Sources */,
				40F6DDB01D89B9E50095519C /* rosterBrokerEmployerViewController.m in Sources */,
				134DE7A11CECEF6600F8958A /* MGSwipeTableCell.m in Sources */,
				13273AF61D352D520097D245 /* brokerEmployersData.m in Sources */,
				40F241151D3E9D3100DC1439 /* CarrierListTableViewController.m in Sources */,
				13FF47451C8A2D1B00C7C851 /* KeychainItemWrapper.m in Sources */,
				13AC2A2B1CEA46CC0079DFF2 /* brokerPlanDetailViewController.m in Sources */,
				13FF470E1C8A2C5600C7C851 /* main.m in Sources */,
				138119DC1C9ADBF1000A75AA /* Constants.m in Sources */,
				13B829911D2C6AF800F1A571 /* BrokerAccountTableViewController.m in Sources */,
			);
			runOnlyForDeploymentPostprocessing = 0;
		};
		13FF47211C8A2C5600C7C851 /* Sources */ = {
			isa = PBXSourcesBuildPhase;
			buildActionMask = 2147483647;
			files = (
				13FF472A1C8A2C5600C7C851 /* HBXMobileTests.m in Sources */,
			);
			runOnlyForDeploymentPostprocessing = 0;
		};
		13FF472C1C8A2C5600C7C851 /* Sources */ = {
			isa = PBXSourcesBuildPhase;
			buildActionMask = 2147483647;
			files = (
				13FF47351C8A2C5600C7C851 /* HBXMobileUITests.m in Sources */,
			);
			runOnlyForDeploymentPostprocessing = 0;
		};
/* End PBXSourcesBuildPhase section */

/* Begin PBXTargetDependency section */
		13FF47271C8A2C5600C7C851 /* PBXTargetDependency */ = {
			isa = PBXTargetDependency;
			target = 13FF47081C8A2C5600C7C851 /* 		 */;
			targetProxy = 13FF47261C8A2C5600C7C851 /* PBXContainerItemProxy */;
		};
		13FF47321C8A2C5600C7C851 /* PBXTargetDependency */ = {
			isa = PBXTargetDependency;
			target = 13FF47081C8A2C5600C7C851 /* 		 */;
			targetProxy = 13FF47311C8A2C5600C7C851 /* PBXContainerItemProxy */;
		};
/* End PBXTargetDependency section */

/* Begin PBXVariantGroup section */
		13B829941D2D32FA00F1A571 /* Localizable.strings */ = {
			isa = PBXVariantGroup;
			children = (
				13B829951D2D32FA00F1A571 /* es */,
			);
			name = Localizable.strings;
			sourceTree = "<group>";
		};
		13F169A01D2D3E70004DF9B9 /* Localizable.strings */ = {
			isa = PBXVariantGroup;
			children = (
				13F169A11D2D3E70004DF9B9 /* Base */,
			);
			name = Localizable.strings;
			sourceTree = "<group>";
		};
		13FF47151C8A2C5600C7C851 /* Main.storyboard */ = {
			isa = PBXVariantGroup;
			children = (
				13FF47161C8A2C5600C7C851 /* Base */,
				13B829921D2D30F600F1A571 /* es */,
			);
			name = Main.storyboard;
			sourceTree = "<group>";
		};
		13FF471D1C8A2C5600C7C851 /* LaunchScreen.storyboard */ = {
			isa = PBXVariantGroup;
			children = (
				13FF471E1C8A2C5600C7C851 /* Base */,
				13B829931D2D30F600F1A571 /* es */,
			);
			name = LaunchScreen.storyboard;
			sourceTree = "<group>";
		};
/* End PBXVariantGroup section */

/* Begin XCBuildConfiguration section */
		13FF47371C8A2C5600C7C851 /* Debug */ = {
			isa = XCBuildConfiguration;
			buildSettings = {
				ALWAYS_SEARCH_USER_PATHS = NO;
				CLANG_ANALYZER_LOCALIZABILITY_NONLOCALIZED = YES;
				CLANG_CXX_LANGUAGE_STANDARD = "gnu++0x";
				CLANG_CXX_LIBRARY = "libc++";
				CLANG_ENABLE_MODULES = YES;
				CLANG_ENABLE_OBJC_ARC = YES;
				CLANG_WARN_BOOL_CONVERSION = YES;
				CLANG_WARN_CONSTANT_CONVERSION = YES;
				CLANG_WARN_DIRECT_OBJC_ISA_USAGE = YES_ERROR;
				CLANG_WARN_EMPTY_BODY = YES;
				CLANG_WARN_ENUM_CONVERSION = YES;
				CLANG_WARN_INFINITE_RECURSION = YES;
				CLANG_WARN_INT_CONVERSION = YES;
				CLANG_WARN_OBJC_ROOT_CLASS = YES_ERROR;
				CLANG_WARN_SUSPICIOUS_MOVE = YES;
				CLANG_WARN_UNREACHABLE_CODE = YES;
				CLANG_WARN__DUPLICATE_METHOD_MATCH = YES;
				"CODE_SIGN_IDENTITY[sdk=iphoneos*]" = "iPhone Developer";
				COPY_PHASE_STRIP = NO;
				DEBUG_INFORMATION_FORMAT = dwarf;
				ENABLE_STRICT_OBJC_MSGSEND = YES;
				ENABLE_TESTABILITY = YES;
				GCC_C_LANGUAGE_STANDARD = gnu99;
				GCC_DYNAMIC_NO_PIC = NO;
				GCC_NO_COMMON_BLOCKS = YES;
				GCC_OPTIMIZATION_LEVEL = 0;
				GCC_PREPROCESSOR_DEFINITIONS = (
					"DEBUG=1",
					"$(inherited)",
				);
				GCC_WARN_64_TO_32_BIT_CONVERSION = YES;
				GCC_WARN_ABOUT_RETURN_TYPE = YES_ERROR;
				GCC_WARN_UNDECLARED_SELECTOR = YES;
				GCC_WARN_UNINITIALIZED_AUTOS = YES_AGGRESSIVE;
				GCC_WARN_UNUSED_FUNCTION = YES;
				GCC_WARN_UNUSED_VARIABLE = YES;
				IPHONEOS_DEPLOYMENT_TARGET = 9.2;
				MTL_ENABLE_DEBUG_INFO = YES;
				ONLY_ACTIVE_ARCH = YES;
				SDKROOT = iphoneos;
				TARGETED_DEVICE_FAMILY = "1,2";
			};
			name = Debug;
		};
		13FF47381C8A2C5600C7C851 /* Release */ = {
			isa = XCBuildConfiguration;
			buildSettings = {
				ALWAYS_SEARCH_USER_PATHS = NO;
				CLANG_ANALYZER_LOCALIZABILITY_NONLOCALIZED = YES;
				CLANG_CXX_LANGUAGE_STANDARD = "gnu++0x";
				CLANG_CXX_LIBRARY = "libc++";
				CLANG_ENABLE_MODULES = YES;
				CLANG_ENABLE_OBJC_ARC = YES;
				CLANG_WARN_BOOL_CONVERSION = YES;
				CLANG_WARN_CONSTANT_CONVERSION = YES;
				CLANG_WARN_DIRECT_OBJC_ISA_USAGE = YES_ERROR;
				CLANG_WARN_EMPTY_BODY = YES;
				CLANG_WARN_ENUM_CONVERSION = YES;
				CLANG_WARN_INFINITE_RECURSION = YES;
				CLANG_WARN_INT_CONVERSION = YES;
				CLANG_WARN_OBJC_ROOT_CLASS = YES_ERROR;
				CLANG_WARN_SUSPICIOUS_MOVE = YES;
				CLANG_WARN_UNREACHABLE_CODE = YES;
				CLANG_WARN__DUPLICATE_METHOD_MATCH = YES;
				"CODE_SIGN_IDENTITY[sdk=iphoneos*]" = "iPhone Developer";
				COPY_PHASE_STRIP = NO;
				DEBUG_INFORMATION_FORMAT = "dwarf-with-dsym";
				ENABLE_NS_ASSERTIONS = NO;
				ENABLE_STRICT_OBJC_MSGSEND = YES;
				GCC_C_LANGUAGE_STANDARD = gnu99;
				GCC_NO_COMMON_BLOCKS = YES;
				GCC_WARN_64_TO_32_BIT_CONVERSION = YES;
				GCC_WARN_ABOUT_RETURN_TYPE = YES_ERROR;
				GCC_WARN_UNDECLARED_SELECTOR = YES;
				GCC_WARN_UNINITIALIZED_AUTOS = YES_AGGRESSIVE;
				GCC_WARN_UNUSED_FUNCTION = YES;
				GCC_WARN_UNUSED_VARIABLE = YES;
				IPHONEOS_DEPLOYMENT_TARGET = 9.2;
				MTL_ENABLE_DEBUG_INFO = NO;
				SDKROOT = iphoneos;
				TARGETED_DEVICE_FAMILY = "1,2";
				VALIDATE_PRODUCT = YES;
			};
			name = Release;
		};
		13FF473A1C8A2C5600C7C851 /* Debug */ = {
			isa = XCBuildConfiguration;
			buildSettings = {
				ASSETCATALOG_COMPILER_APPICON_NAME = AppIcon;
				CLANG_ENABLE_MODULES = YES;
				CODE_SIGN_ENTITLEMENTS = "";
				CODE_SIGN_IDENTITY = "iPhone Developer";
				"CODE_SIGN_IDENTITY[sdk=iphoneos*]" = "iPhone Developer";
				FRAMEWORK_SEARCH_PATHS = (
					"$(inherited)",
					"$(PROJECT_DIR)/HBXMobile/frameworks",
				);
				INFOPLIST_FILE = HBXMobile/Info.plist;
				IPHONEOS_DEPLOYMENT_TARGET = 8.0;
				LD_RUNPATH_SEARCH_PATHS = "$(inherited) @executable_path/Frameworks";
				LIBRARY_SEARCH_PATHS = (
					"$(inherited)",
					"$(PROJECT_DIR)/HBXMobile/frameworks/AWSCore.framework/Versions/A",
				);
				PRODUCT_BUNDLE_IDENTIFIER = gov.dc.HBXMobile;
				PRODUCT_NAME = HBXMobile;
				PROVISIONING_PROFILE = "";
				SWIFT_OPTIMIZATION_LEVEL = "-Onone";
			};
			name = Debug;
		};
		13FF473B1C8A2C5600C7C851 /* Release */ = {
			isa = XCBuildConfiguration;
			buildSettings = {
				ASSETCATALOG_COMPILER_APPICON_NAME = AppIcon;
				CLANG_ENABLE_MODULES = YES;
				CODE_SIGN_ENTITLEMENTS = "";
				CODE_SIGN_IDENTITY = "iPhone Developer";
				"CODE_SIGN_IDENTITY[sdk=iphoneos*]" = "iPhone Developer";
				FRAMEWORK_SEARCH_PATHS = (
					"$(inherited)",
					"$(PROJECT_DIR)/HBXMobile/frameworks",
				);
				INFOPLIST_FILE = HBXMobile/Info.plist;
				IPHONEOS_DEPLOYMENT_TARGET = 8.0;
				LD_RUNPATH_SEARCH_PATHS = "$(inherited) @executable_path/Frameworks";
				LIBRARY_SEARCH_PATHS = (
					"$(inherited)",
					"$(PROJECT_DIR)/HBXMobile/frameworks/AWSCore.framework/Versions/A",
				);
				PRODUCT_BUNDLE_IDENTIFIER = gov.dc.HBXMobile;
				PRODUCT_NAME = HBXMobile;
				PROVISIONING_PROFILE = "";
			};
			name = Release;
		};
		13FF473D1C8A2C5600C7C851 /* Debug */ = {
			isa = XCBuildConfiguration;
			buildSettings = {
				BUNDLE_LOADER = "$(TEST_HOST)";
				INFOPLIST_FILE = HBXMobileTests/Info.plist;
				LD_RUNPATH_SEARCH_PATHS = "$(inherited) @executable_path/Frameworks @loader_path/Frameworks";
				PRODUCT_BUNDLE_IDENTIFIER = dc.org.HBXMobileTests;
				PRODUCT_NAME = "$(TARGET_NAME)";
				TEST_HOST = "$(BUILT_PRODUCTS_DIR)/HBXMobile.app/HBXMobile";
			};
			name = Debug;
		};
		13FF473E1C8A2C5600C7C851 /* Release */ = {
			isa = XCBuildConfiguration;
			buildSettings = {
				BUNDLE_LOADER = "$(TEST_HOST)";
				INFOPLIST_FILE = HBXMobileTests/Info.plist;
				LD_RUNPATH_SEARCH_PATHS = "$(inherited) @executable_path/Frameworks @loader_path/Frameworks";
				PRODUCT_BUNDLE_IDENTIFIER = dc.org.HBXMobileTests;
				PRODUCT_NAME = "$(TARGET_NAME)";
				TEST_HOST = "$(BUILT_PRODUCTS_DIR)/HBXMobile.app/HBXMobile";
			};
			name = Release;
		};
		13FF47401C8A2C5600C7C851 /* Debug */ = {
			isa = XCBuildConfiguration;
			buildSettings = {
				INFOPLIST_FILE = HBXMobileUITests/Info.plist;
				LD_RUNPATH_SEARCH_PATHS = "$(inherited) @executable_path/Frameworks @loader_path/Frameworks";
				PRODUCT_BUNDLE_IDENTIFIER = dc.org.HBXMobileUITests;
				PRODUCT_NAME = "$(TARGET_NAME)";
				TEST_TARGET_NAME = HBXMobile;
				USES_XCTRUNNER = YES;
			};
			name = Debug;
		};
		13FF47411C8A2C5600C7C851 /* Release */ = {
			isa = XCBuildConfiguration;
			buildSettings = {
				INFOPLIST_FILE = HBXMobileUITests/Info.plist;
				LD_RUNPATH_SEARCH_PATHS = "$(inherited) @executable_path/Frameworks @loader_path/Frameworks";
				PRODUCT_BUNDLE_IDENTIFIER = dc.org.HBXMobileUITests;
				PRODUCT_NAME = "$(TARGET_NAME)";
				TEST_TARGET_NAME = HBXMobile;
				USES_XCTRUNNER = YES;
			};
			name = Release;
		};
/* End XCBuildConfiguration section */

/* Begin XCConfigurationList section */
		13FF47041C8A2C5600C7C851 /* Build configuration list for PBXProject "HBXMobile" */ = {
			isa = XCConfigurationList;
			buildConfigurations = (
				13FF47371C8A2C5600C7C851 /* Debug */,
				13FF47381C8A2C5600C7C851 /* Release */,
			);
			defaultConfigurationIsVisible = 0;
			defaultConfigurationName = Release;
		};
		13FF47391C8A2C5600C7C851 /* Build configuration list for PBXNativeTarget "		" */ = {
			isa = XCConfigurationList;
			buildConfigurations = (
				13FF473A1C8A2C5600C7C851 /* Debug */,
				13FF473B1C8A2C5600C7C851 /* Release */,
			);
			defaultConfigurationIsVisible = 0;
			defaultConfigurationName = Release;
		};
		13FF473C1C8A2C5600C7C851 /* Build configuration list for PBXNativeTarget "HBXMobileTests" */ = {
			isa = XCConfigurationList;
			buildConfigurations = (
				13FF473D1C8A2C5600C7C851 /* Debug */,
				13FF473E1C8A2C5600C7C851 /* Release */,
			);
			defaultConfigurationIsVisible = 0;
			defaultConfigurationName = Release;
		};
		13FF473F1C8A2C5600C7C851 /* Build configuration list for PBXNativeTarget "HBXMobileUITests" */ = {
			isa = XCConfigurationList;
			buildConfigurations = (
				13FF47401C8A2C5600C7C851 /* Debug */,
				13FF47411C8A2C5600C7C851 /* Release */,
			);
			defaultConfigurationIsVisible = 0;
			defaultConfigurationName = Release;
		};
/* End XCConfigurationList section */

/* Begin XCVersionGroup section */
		13FF47181C8A2C5600C7C851 /* HBXMobile.xcdatamodeld */ = {
			isa = XCVersionGroup;
			children = (
				13FF47191C8A2C5600C7C851 /* HBXMobile.xcdatamodel */,
			);
			currentVersion = 13FF47191C8A2C5600C7C851 /* HBXMobile.xcdatamodel */;
			path = HBXMobile.xcdatamodeld;
			sourceTree = "<group>";
			versionGroupType = wrapper.xcdatamodel;
		};
/* End XCVersionGroup section */
	};
	rootObject = 13FF47011C8A2C5600C7C851 /* Project object */;
}
