// !$*UTF8*$!
{
	archiveVersion = 1;
	classes = {
	};
	objectVersion = 46;
	objects = {

/* Begin PBXBuildFile section */
		130E04611CAD9C2900D1D1A6 /* showPlanDetailViewController.m in Sources */ = {isa = PBXBuildFile; fileRef = 130E04601CAD9C2900D1D1A6 /* showPlanDetailViewController.m */; };
		1310E2201CC8FD20001DF412 /* header-employer-2.png in Resources */ = {isa = PBXBuildFile; fileRef = 1310E21F1CC8FD20001DF412 /* header-employer-2.png */; };
		1316CEC81CC586510075B214 /* QuartzCore.framework in Frameworks */ = {isa = PBXBuildFile; fileRef = 1316CEC71CC586510075B214 /* QuartzCore.framework */; };
		131B0E2A1C938B8400CD8310 /* hbxNotificationsTableViewController.m in Sources */ = {isa = PBXBuildFile; fileRef = 131B0E291C938B8400CD8310 /* hbxNotificationsTableViewController.m */; };
		134A09DA1CBE7D7F00CD3229 /* server.der in Resources */ = {isa = PBXBuildFile; fileRef = 134A09D91CBE7D7F00CD3229 /* server.der */; };
		134A09DD1CBE817000CD3229 /* SSL Certificate Creation in Resources */ = {isa = PBXBuildFile; fileRef = 134A09DC1CBE817000CD3229 /* SSL Certificate Creation */; };
		1367AFBD1C9993B1008CF742 /* MyPlanCoverageTableViewController.m in Sources */ = {isa = PBXBuildFile; fileRef = 1367AFBC1C9993B1008CF742 /* MyPlanCoverageTableViewController.m */; };
		1367AFC01C99A0A6008CF742 /* MyPlanWebViewController.m in Sources */ = {isa = PBXBuildFile; fileRef = 1367AFBF1C99A0A6008CF742 /* MyPlanWebViewController.m */; };
		137277331CA464610093DE8C /* selectPlanViewController.m in Sources */ = {isa = PBXBuildFile; fileRef = 137277321CA464610093DE8C /* selectPlanViewController.m */; };
		137327531C8DE60D00B0F6E1 /* MyAccountViewController.m in Sources */ = {isa = PBXBuildFile; fileRef = 137327521C8DE60D00B0F6E1 /* MyAccountViewController.m */; };
		137327561C8DECA800B0F6E1 /* SlideNavigationController.m in Sources */ = {isa = PBXBuildFile; fileRef = 137327551C8DECA800B0F6E1 /* SlideNavigationController.m */; };
		137327591C8F268D00B0F6E1 /* LeftMenuSlideOutTableViewController.m in Sources */ = {isa = PBXBuildFile; fileRef = 137327581C8F268D00B0F6E1 /* LeftMenuSlideOutTableViewController.m */; };
		138119DC1C9ADBF1000A75AA /* Constants.m in Sources */ = {isa = PBXBuildFile; fileRef = 138119DB1C9ADBF1000A75AA /* Constants.m */; };
		138119DF1C9ADDD3000A75AA /* AWSCore.framework in Frameworks */ = {isa = PBXBuildFile; fileRef = 138119DD1C9ADDD3000A75AA /* AWSCore.framework */; };
		138119E01C9ADDD3000A75AA /* AWSS3.framework in Frameworks */ = {isa = PBXBuildFile; fileRef = 138119DE1C9ADDD3000A75AA /* AWSS3.framework */; };
		138119E21C9ADF7F000A75AA /* libz.tbd in Frameworks */ = {isa = PBXBuildFile; fileRef = 138119E11C9ADF7F000A75AA /* libz.tbd */; };
		138119E41C9ADF93000A75AA /* SystemConfiguration.framework in Frameworks */ = {isa = PBXBuildFile; fileRef = 138119E31C9ADF93000A75AA /* SystemConfiguration.framework */; };
		138119E71C9AECD7000A75AA /* startUploadOfDocumentViewController.m in Sources */ = {isa = PBXBuildFile; fileRef = 138119E61C9AECD7000A75AA /* startUploadOfDocumentViewController.m */; };
		13A382121CDB2E3E006B5984 /* Roboto-Black.ttf in Resources */ = {isa = PBXBuildFile; fileRef = 13A382061CDB2E3E006B5984 /* Roboto-Black.ttf */; };
		13A382131CDB2E3E006B5984 /* Roboto-BlackItalic.ttf in Resources */ = {isa = PBXBuildFile; fileRef = 13A382071CDB2E3E006B5984 /* Roboto-BlackItalic.ttf */; };
		13A382141CDB2E3E006B5984 /* Roboto-Bold.ttf in Resources */ = {isa = PBXBuildFile; fileRef = 13A382081CDB2E3E006B5984 /* Roboto-Bold.ttf */; };
		13A382151CDB2E3E006B5984 /* Roboto-BoldItalic.ttf in Resources */ = {isa = PBXBuildFile; fileRef = 13A382091CDB2E3E006B5984 /* Roboto-BoldItalic.ttf */; };
		13A382161CDB2E3E006B5984 /* Roboto-Italic.ttf in Resources */ = {isa = PBXBuildFile; fileRef = 13A3820A1CDB2E3E006B5984 /* Roboto-Italic.ttf */; };
		13A382171CDB2E3E006B5984 /* Roboto-Light.ttf in Resources */ = {isa = PBXBuildFile; fileRef = 13A3820B1CDB2E3E006B5984 /* Roboto-Light.ttf */; };
		13A382181CDB2E3E006B5984 /* Roboto-LightItalic.ttf in Resources */ = {isa = PBXBuildFile; fileRef = 13A3820C1CDB2E3E006B5984 /* Roboto-LightItalic.ttf */; };
		13A382191CDB2E3E006B5984 /* Roboto-Medium.ttf in Resources */ = {isa = PBXBuildFile; fileRef = 13A3820D1CDB2E3E006B5984 /* Roboto-Medium.ttf */; };
		13A3821A1CDB2E3E006B5984 /* Roboto-MediumItalic.ttf in Resources */ = {isa = PBXBuildFile; fileRef = 13A3820E1CDB2E3E006B5984 /* Roboto-MediumItalic.ttf */; };
		13A3821B1CDB2E3E006B5984 /* Roboto-Regular.ttf in Resources */ = {isa = PBXBuildFile; fileRef = 13A3820F1CDB2E3E006B5984 /* Roboto-Regular.ttf */; };
		13A3821C1CDB2E3E006B5984 /* Roboto-Thin.ttf in Resources */ = {isa = PBXBuildFile; fileRef = 13A382101CDB2E3E006B5984 /* Roboto-Thin.ttf */; };
		13A3821D1CDB2E3E006B5984 /* Roboto-ThinItalic.ttf in Resources */ = {isa = PBXBuildFile; fileRef = 13A382111CDB2E3E006B5984 /* Roboto-ThinItalic.ttf */; };
		13A382201CDB2F4D006B5984 /* menu-icon.png in Resources */ = {isa = PBXBuildFile; fileRef = 13A3821E1CDB2F4D006B5984 /* menu-icon.png */; };
		13A382211CDB2F4D006B5984 /* menu-icon@2x.png in Resources */ = {isa = PBXBuildFile; fileRef = 13A3821F1CDB2F4D006B5984 /* menu-icon@2x.png */; };
		13A382251CDB2FE8006B5984 /* carefirst_logo_k_2935.png in Resources */ = {isa = PBXBuildFile; fileRef = 13A382231CDB2FE8006B5984 /* carefirst_logo_k_2935.png */; };
		13A382261CDB2FE8006B5984 /* kaiser.jpg in Resources */ = {isa = PBXBuildFile; fileRef = 13A382241CDB2FE8006B5984 /* kaiser.jpg */; };
		13A3822A1CDB303E006B5984 /* bell.png in Resources */ = {isa = PBXBuildFile; fileRef = 13A382291CDB303E006B5984 /* bell.png */; };
		13A3822C1CDB31E7006B5984 /* dchllogo_withouttag-2.png in Resources */ = {isa = PBXBuildFile; fileRef = 13A3822B1CDB31E7006B5984 /* dchllogo_withouttag-2.png */; };
		13A3822E1CDB7AEE006B5984 /* sampleMyPlanJSON.txt in Resources */ = {isa = PBXBuildFile; fileRef = 13A3822D1CDB7AEE006B5984 /* sampleMyPlanJSON.txt */; };
		13FF470E1C8A2C5600C7C851 /* main.m in Sources */ = {isa = PBXBuildFile; fileRef = 13FF470D1C8A2C5600C7C851 /* main.m */; };
		13FF47111C8A2C5600C7C851 /* AppDelegate.m in Sources */ = {isa = PBXBuildFile; fileRef = 13FF47101C8A2C5600C7C851 /* AppDelegate.m */; };
		13FF47141C8A2C5600C7C851 /* ViewController.m in Sources */ = {isa = PBXBuildFile; fileRef = 13FF47131C8A2C5600C7C851 /* ViewController.m */; };
		13FF47171C8A2C5600C7C851 /* Main.storyboard in Resources */ = {isa = PBXBuildFile; fileRef = 13FF47151C8A2C5600C7C851 /* Main.storyboard */; };
		13FF471A1C8A2C5600C7C851 /* HBXMobile.xcdatamodeld in Sources */ = {isa = PBXBuildFile; fileRef = 13FF47181C8A2C5600C7C851 /* HBXMobile.xcdatamodeld */; };
		13FF471C1C8A2C5600C7C851 /* Assets.xcassets in Resources */ = {isa = PBXBuildFile; fileRef = 13FF471B1C8A2C5600C7C851 /* Assets.xcassets */; };
		13FF471F1C8A2C5600C7C851 /* LaunchScreen.storyboard in Resources */ = {isa = PBXBuildFile; fileRef = 13FF471D1C8A2C5600C7C851 /* LaunchScreen.storyboard */; };
		13FF472A1C8A2C5600C7C851 /* HBXMobileTests.m in Sources */ = {isa = PBXBuildFile; fileRef = 13FF47291C8A2C5600C7C851 /* HBXMobileTests.m */; };
		13FF47351C8A2C5600C7C851 /* HBXMobileUITests.m in Sources */ = {isa = PBXBuildFile; fileRef = 13FF47341C8A2C5600C7C851 /* HBXMobileUITests.m */; };
		13FF47451C8A2D1B00C7C851 /* KeychainItemWrapper.m in Sources */ = {isa = PBXBuildFile; fileRef = 13FF47441C8A2D1B00C7C851 /* KeychainItemWrapper.m */; };
/* End PBXBuildFile section */

/* Begin PBXContainerItemProxy section */
		13FF47261C8A2C5600C7C851 /* PBXContainerItemProxy */ = {
			isa = PBXContainerItemProxy;
			containerPortal = 13FF47011C8A2C5600C7C851 /* Project object */;
			proxyType = 1;
			remoteGlobalIDString = 13FF47081C8A2C5600C7C851;
			remoteInfo = HBXMobile;
		};
		13FF47311C8A2C5600C7C851 /* PBXContainerItemProxy */ = {
			isa = PBXContainerItemProxy;
			containerPortal = 13FF47011C8A2C5600C7C851 /* Project object */;
			proxyType = 1;
			remoteGlobalIDString = 13FF47081C8A2C5600C7C851;
			remoteInfo = HBXMobile;
		};
/* End PBXContainerItemProxy section */

/* Begin PBXFileReference section */
		130E045F1CAD9C2900D1D1A6 /* showPlanDetailViewController.h */ = {isa = PBXFileReference; fileEncoding = 4; lastKnownFileType = sourcecode.c.h; path = showPlanDetailViewController.h; sourceTree = "<group>"; };
		130E04601CAD9C2900D1D1A6 /* showPlanDetailViewController.m */ = {isa = PBXFileReference; fileEncoding = 4; lastKnownFileType = sourcecode.c.objc; path = showPlanDetailViewController.m; sourceTree = "<group>"; };
		1310E21F1CC8FD20001DF412 /* header-employer-2.png */ = {isa = PBXFileReference; lastKnownFileType = image.png; path = "header-employer-2.png"; sourceTree = "<group>"; };
		1316CEC71CC586510075B214 /* QuartzCore.framework */ = {isa = PBXFileReference; lastKnownFileType = wrapper.framework; name = QuartzCore.framework; path = System/Library/Frameworks/QuartzCore.framework; sourceTree = SDKROOT; };
		131B0E281C938B8400CD8310 /* hbxNotificationsTableViewController.h */ = {isa = PBXFileReference; fileEncoding = 4; lastKnownFileType = sourcecode.c.h; path = hbxNotificationsTableViewController.h; sourceTree = "<group>"; };
		131B0E291C938B8400CD8310 /* hbxNotificationsTableViewController.m */ = {isa = PBXFileReference; fileEncoding = 4; lastKnownFileType = sourcecode.c.objc; path = hbxNotificationsTableViewController.m; sourceTree = "<group>"; };
		134A09D91CBE7D7F00CD3229 /* server.der */ = {isa = PBXFileReference; lastKnownFileType = file; path = server.der; sourceTree = "<group>"; };
		134A09DC1CBE817000CD3229 /* SSL Certificate Creation */ = {isa = PBXFileReference; fileEncoding = 4; lastKnownFileType = text; path = "SSL Certificate Creation"; sourceTree = "<group>"; xcLanguageSpecificationIdentifier = xcode.lang.python; };
		1367AFBB1C9993B1008CF742 /* MyPlanCoverageTableViewController.h */ = {isa = PBXFileReference; fileEncoding = 4; lastKnownFileType = sourcecode.c.h; path = MyPlanCoverageTableViewController.h; sourceTree = "<group>"; };
		1367AFBC1C9993B1008CF742 /* MyPlanCoverageTableViewController.m */ = {isa = PBXFileReference; fileEncoding = 4; lastKnownFileType = sourcecode.c.objc; path = MyPlanCoverageTableViewController.m; sourceTree = "<group>"; };
		1367AFBE1C99A0A6008CF742 /* MyPlanWebViewController.h */ = {isa = PBXFileReference; fileEncoding = 4; lastKnownFileType = sourcecode.c.h; path = MyPlanWebViewController.h; sourceTree = "<group>"; };
		1367AFBF1C99A0A6008CF742 /* MyPlanWebViewController.m */ = {isa = PBXFileReference; fileEncoding = 4; lastKnownFileType = sourcecode.c.objc; path = MyPlanWebViewController.m; sourceTree = "<group>"; };
		137277311CA464610093DE8C /* selectPlanViewController.h */ = {isa = PBXFileReference; fileEncoding = 4; lastKnownFileType = sourcecode.c.h; path = selectPlanViewController.h; sourceTree = "<group>"; };
		137277321CA464610093DE8C /* selectPlanViewController.m */ = {isa = PBXFileReference; fileEncoding = 4; lastKnownFileType = sourcecode.c.objc; path = selectPlanViewController.m; sourceTree = "<group>"; };
		137327511C8DE60D00B0F6E1 /* MyAccountViewController.h */ = {isa = PBXFileReference; fileEncoding = 4; lastKnownFileType = sourcecode.c.h; path = MyAccountViewController.h; sourceTree = "<group>"; };
		137327521C8DE60D00B0F6E1 /* MyAccountViewController.m */ = {isa = PBXFileReference; fileEncoding = 4; lastKnownFileType = sourcecode.c.objc; path = MyAccountViewController.m; sourceTree = "<group>"; };
		137327541C8DECA800B0F6E1 /* SlideNavigationController.h */ = {isa = PBXFileReference; fileEncoding = 4; lastKnownFileType = sourcecode.c.h; path = SlideNavigationController.h; sourceTree = "<group>"; };
		137327551C8DECA800B0F6E1 /* SlideNavigationController.m */ = {isa = PBXFileReference; fileEncoding = 4; lastKnownFileType = sourcecode.c.objc; path = SlideNavigationController.m; sourceTree = "<group>"; };
		137327571C8F268D00B0F6E1 /* LeftMenuSlideOutTableViewController.h */ = {isa = PBXFileReference; fileEncoding = 4; lastKnownFileType = sourcecode.c.h; path = LeftMenuSlideOutTableViewController.h; sourceTree = "<group>"; };
		137327581C8F268D00B0F6E1 /* LeftMenuSlideOutTableViewController.m */ = {isa = PBXFileReference; fileEncoding = 4; lastKnownFileType = sourcecode.c.objc; path = LeftMenuSlideOutTableViewController.m; sourceTree = "<group>"; };
		138119DA1C9ADBF1000A75AA /* Constants.h */ = {isa = PBXFileReference; fileEncoding = 4; lastKnownFileType = sourcecode.c.h; path = Constants.h; sourceTree = "<group>"; };
		138119DB1C9ADBF1000A75AA /* Constants.m */ = {isa = PBXFileReference; fileEncoding = 4; lastKnownFileType = sourcecode.c.objc; path = Constants.m; sourceTree = "<group>"; };
		138119DD1C9ADDD3000A75AA /* AWSCore.framework */ = {isa = PBXFileReference; lastKnownFileType = wrapper.framework; name = AWSCore.framework; path = frameworks/AWSCore.framework; sourceTree = "<group>"; };
		138119DE1C9ADDD3000A75AA /* AWSS3.framework */ = {isa = PBXFileReference; lastKnownFileType = wrapper.framework; name = AWSS3.framework; path = frameworks/AWSS3.framework; sourceTree = "<group>"; };
		138119E11C9ADF7F000A75AA /* libz.tbd */ = {isa = PBXFileReference; lastKnownFileType = "sourcecode.text-based-dylib-definition"; name = libz.tbd; path = usr/lib/libz.tbd; sourceTree = SDKROOT; };
		138119E31C9ADF93000A75AA /* SystemConfiguration.framework */ = {isa = PBXFileReference; lastKnownFileType = wrapper.framework; name = SystemConfiguration.framework; path = System/Library/Frameworks/SystemConfiguration.framework; sourceTree = SDKROOT; };
		138119E51C9AECD7000A75AA /* startUploadOfDocumentViewController.h */ = {isa = PBXFileReference; fileEncoding = 4; lastKnownFileType = sourcecode.c.h; path = startUploadOfDocumentViewController.h; sourceTree = "<group>"; };
		138119E61C9AECD7000A75AA /* startUploadOfDocumentViewController.m */ = {isa = PBXFileReference; fileEncoding = 4; lastKnownFileType = sourcecode.c.objc; path = startUploadOfDocumentViewController.m; sourceTree = "<group>"; };
		13A382061CDB2E3E006B5984 /* Roboto-Black.ttf */ = {isa = PBXFileReference; lastKnownFileType = file; name = "Roboto-Black.ttf"; path = "fonts/Roboto-Black.ttf"; sourceTree = "<group>"; };
		13A382071CDB2E3E006B5984 /* Roboto-BlackItalic.ttf */ = {isa = PBXFileReference; lastKnownFileType = file; name = "Roboto-BlackItalic.ttf"; path = "fonts/Roboto-BlackItalic.ttf"; sourceTree = "<group>"; };
		13A382081CDB2E3E006B5984 /* Roboto-Bold.ttf */ = {isa = PBXFileReference; lastKnownFileType = file; name = "Roboto-Bold.ttf"; path = "fonts/Roboto-Bold.ttf"; sourceTree = "<group>"; };
		13A382091CDB2E3E006B5984 /* Roboto-BoldItalic.ttf */ = {isa = PBXFileReference; lastKnownFileType = file; name = "Roboto-BoldItalic.ttf"; path = "fonts/Roboto-BoldItalic.ttf"; sourceTree = "<group>"; };
		13A3820A1CDB2E3E006B5984 /* Roboto-Italic.ttf */ = {isa = PBXFileReference; lastKnownFileType = file; name = "Roboto-Italic.ttf"; path = "fonts/Roboto-Italic.ttf"; sourceTree = "<group>"; };
		13A3820B1CDB2E3E006B5984 /* Roboto-Light.ttf */ = {isa = PBXFileReference; lastKnownFileType = file; name = "Roboto-Light.ttf"; path = "fonts/Roboto-Light.ttf"; sourceTree = "<group>"; };
		13A3820C1CDB2E3E006B5984 /* Roboto-LightItalic.ttf */ = {isa = PBXFileReference; lastKnownFileType = file; name = "Roboto-LightItalic.ttf"; path = "fonts/Roboto-LightItalic.ttf"; sourceTree = "<group>"; };
		13A3820D1CDB2E3E006B5984 /* Roboto-Medium.ttf */ = {isa = PBXFileReference; lastKnownFileType = file; name = "Roboto-Medium.ttf"; path = "fonts/Roboto-Medium.ttf"; sourceTree = "<group>"; };
		13A3820E1CDB2E3E006B5984 /* Roboto-MediumItalic.ttf */ = {isa = PBXFileReference; lastKnownFileType = file; name = "Roboto-MediumItalic.ttf"; path = "fonts/Roboto-MediumItalic.ttf"; sourceTree = "<group>"; };
		13A3820F1CDB2E3E006B5984 /* Roboto-Regular.ttf */ = {isa = PBXFileReference; lastKnownFileType = file; name = "Roboto-Regular.ttf"; path = "fonts/Roboto-Regular.ttf"; sourceTree = "<group>"; };
		13A382101CDB2E3E006B5984 /* Roboto-Thin.ttf */ = {isa = PBXFileReference; lastKnownFileType = file; name = "Roboto-Thin.ttf"; path = "fonts/Roboto-Thin.ttf"; sourceTree = "<group>"; };
		13A382111CDB2E3E006B5984 /* Roboto-ThinItalic.ttf */ = {isa = PBXFileReference; lastKnownFileType = file; name = "Roboto-ThinItalic.ttf"; path = "fonts/Roboto-ThinItalic.ttf"; sourceTree = "<group>"; };
		13A3821E1CDB2F4D006B5984 /* menu-icon.png */ = {isa = PBXFileReference; lastKnownFileType = image.png; name = "menu-icon.png"; path = "images/menu-icon.png"; sourceTree = "<group>"; };
		13A3821F1CDB2F4D006B5984 /* menu-icon@2x.png */ = {isa = PBXFileReference; lastKnownFileType = image.png; name = "menu-icon@2x.png"; path = "images/menu-icon@2x.png"; sourceTree = "<group>"; };
		13A382231CDB2FE8006B5984 /* carefirst_logo_k_2935.png */ = {isa = PBXFileReference; lastKnownFileType = image.png; name = carefirst_logo_k_2935.png; path = images/carriers/carefirst_logo_k_2935.png; sourceTree = "<group>"; };
		13A382241CDB2FE8006B5984 /* kaiser.jpg */ = {isa = PBXFileReference; lastKnownFileType = image.jpeg; name = kaiser.jpg; path = images/carriers/kaiser.jpg; sourceTree = "<group>"; };
		13A382291CDB303E006B5984 /* bell.png */ = {isa = PBXFileReference; lastKnownFileType = image.png; name = bell.png; path = images/bell.png; sourceTree = "<group>"; };
		13A3822B1CDB31E7006B5984 /* dchllogo_withouttag-2.png */ = {isa = PBXFileReference; lastKnownFileType = image.png; name = "dchllogo_withouttag-2.png"; path = "images/dchllogo_withouttag-2.png"; sourceTree = "<group>"; };
		13A3822D1CDB7AEE006B5984 /* sampleMyPlanJSON.txt */ = {isa = PBXFileReference; fileEncoding = 4; lastKnownFileType = text; path = sampleMyPlanJSON.txt; sourceTree = "<group>"; };
		13FF47091C8A2C5600C7C851 /* HBXMobile.app */ = {isa = PBXFileReference; explicitFileType = wrapper.application; includeInIndex = 0; path = HBXMobile.app; sourceTree = BUILT_PRODUCTS_DIR; };
		13FF470D1C8A2C5600C7C851 /* main.m */ = {isa = PBXFileReference; lastKnownFileType = sourcecode.c.objc; path = main.m; sourceTree = "<group>"; };
		13FF470F1C8A2C5600C7C851 /* AppDelegate.h */ = {isa = PBXFileReference; lastKnownFileType = sourcecode.c.h; path = AppDelegate.h; sourceTree = "<group>"; };
		13FF47101C8A2C5600C7C851 /* AppDelegate.m */ = {isa = PBXFileReference; lastKnownFileType = sourcecode.c.objc; path = AppDelegate.m; sourceTree = "<group>"; };
		13FF47121C8A2C5600C7C851 /* ViewController.h */ = {isa = PBXFileReference; lastKnownFileType = sourcecode.c.h; path = ViewController.h; sourceTree = "<group>"; };
		13FF47131C8A2C5600C7C851 /* ViewController.m */ = {isa = PBXFileReference; lastKnownFileType = sourcecode.c.objc; path = ViewController.m; sourceTree = "<group>"; };
		13FF47161C8A2C5600C7C851 /* Base */ = {isa = PBXFileReference; lastKnownFileType = file.storyboard; name = Base; path = Base.lproj/Main.storyboard; sourceTree = "<group>"; };
		13FF47191C8A2C5600C7C851 /* HBXMobile.xcdatamodel */ = {isa = PBXFileReference; lastKnownFileType = wrapper.xcdatamodel; path = HBXMobile.xcdatamodel; sourceTree = "<group>"; };
		13FF471B1C8A2C5600C7C851 /* Assets.xcassets */ = {isa = PBXFileReference; lastKnownFileType = folder.assetcatalog; path = Assets.xcassets; sourceTree = "<group>"; };
		13FF471E1C8A2C5600C7C851 /* Base */ = {isa = PBXFileReference; lastKnownFileType = file.storyboard; name = Base; path = Base.lproj/LaunchScreen.storyboard; sourceTree = "<group>"; };
		13FF47201C8A2C5600C7C851 /* Info.plist */ = {isa = PBXFileReference; lastKnownFileType = text.plist.xml; path = Info.plist; sourceTree = "<group>"; };
		13FF47251C8A2C5600C7C851 /* HBXMobileTests.xctest */ = {isa = PBXFileReference; explicitFileType = wrapper.cfbundle; includeInIndex = 0; path = HBXMobileTests.xctest; sourceTree = BUILT_PRODUCTS_DIR; };
		13FF47291C8A2C5600C7C851 /* HBXMobileTests.m */ = {isa = PBXFileReference; lastKnownFileType = sourcecode.c.objc; path = HBXMobileTests.m; sourceTree = "<group>"; };
		13FF472B1C8A2C5600C7C851 /* Info.plist */ = {isa = PBXFileReference; lastKnownFileType = text.plist.xml; path = Info.plist; sourceTree = "<group>"; };
		13FF47301C8A2C5600C7C851 /* HBXMobileUITests.xctest */ = {isa = PBXFileReference; explicitFileType = wrapper.cfbundle; includeInIndex = 0; path = HBXMobileUITests.xctest; sourceTree = BUILT_PRODUCTS_DIR; };
		13FF47341C8A2C5600C7C851 /* HBXMobileUITests.m */ = {isa = PBXFileReference; lastKnownFileType = sourcecode.c.objc; path = HBXMobileUITests.m; sourceTree = "<group>"; };
		13FF47361C8A2C5600C7C851 /* Info.plist */ = {isa = PBXFileReference; lastKnownFileType = text.plist.xml; path = Info.plist; sourceTree = "<group>"; };
		13FF47431C8A2D1B00C7C851 /* KeychainItemWrapper.h */ = {isa = PBXFileReference; fileEncoding = 4; lastKnownFileType = sourcecode.c.h; path = KeychainItemWrapper.h; sourceTree = "<group>"; };
		13FF47441C8A2D1B00C7C851 /* KeychainItemWrapper.m */ = {isa = PBXFileReference; fileEncoding = 4; lastKnownFileType = sourcecode.c.objc; path = KeychainItemWrapper.m; sourceTree = "<group>"; };
/* End PBXFileReference section */

/* Begin PBXFrameworksBuildPhase section */
		13FF47061C8A2C5600C7C851 /* Frameworks */ = {
			isa = PBXFrameworksBuildPhase;
			buildActionMask = 2147483647;
			files = (
				1316CEC81CC586510075B214 /* QuartzCore.framework in Frameworks */,
				138119E41C9ADF93000A75AA /* SystemConfiguration.framework in Frameworks */,
				138119E21C9ADF7F000A75AA /* libz.tbd in Frameworks */,
				138119E01C9ADDD3000A75AA /* AWSS3.framework in Frameworks */,
				138119DF1C9ADDD3000A75AA /* AWSCore.framework in Frameworks */,
			);
			runOnlyForDeploymentPostprocessing = 0;
		};
		13FF47221C8A2C5600C7C851 /* Frameworks */ = {
			isa = PBXFrameworksBuildPhase;
			buildActionMask = 2147483647;
			files = (
			);
			runOnlyForDeploymentPostprocessing = 0;
		};
		13FF472D1C8A2C5600C7C851 /* Frameworks */ = {
			isa = PBXFrameworksBuildPhase;
			buildActionMask = 2147483647;
			files = (
			);
			runOnlyForDeploymentPostprocessing = 0;
		};
/* End PBXFrameworksBuildPhase section */

/* Begin PBXGroup section */
		1316CEAA1CC50A4C0075B214 /* Fonts */ = {
			isa = PBXGroup;
			children = (
				13A382061CDB2E3E006B5984 /* Roboto-Black.ttf */,
				13A382071CDB2E3E006B5984 /* Roboto-BlackItalic.ttf */,
				13A382081CDB2E3E006B5984 /* Roboto-Bold.ttf */,
				13A382091CDB2E3E006B5984 /* Roboto-BoldItalic.ttf */,
				13A3820A1CDB2E3E006B5984 /* Roboto-Italic.ttf */,
				13A3820B1CDB2E3E006B5984 /* Roboto-Light.ttf */,
				13A3820C1CDB2E3E006B5984 /* Roboto-LightItalic.ttf */,
				13A3820D1CDB2E3E006B5984 /* Roboto-Medium.ttf */,
				13A3820E1CDB2E3E006B5984 /* Roboto-MediumItalic.ttf */,
				13A3820F1CDB2E3E006B5984 /* Roboto-Regular.ttf */,
				13A382101CDB2E3E006B5984 /* Roboto-Thin.ttf */,
				13A382111CDB2E3E006B5984 /* Roboto-ThinItalic.ttf */,
			);
			name = Fonts;
			sourceTree = "<group>";
		};
		134A09DB1CBE814D00CD3229 /* Notes */ = {
			isa = PBXGroup;
			children = (
				134A09DC1CBE817000CD3229 /* SSL Certificate Creation */,
			);
			name = Notes;
			sourceTree = "<group>";
		};
		13A382221CDB2FCD006B5984 /* carriers */ = {
			isa = PBXGroup;
			children = (
				13A382231CDB2FE8006B5984 /* carefirst_logo_k_2935.png */,
				13A382241CDB2FE8006B5984 /* kaiser.jpg */,
			);
			name = carriers;
			sourceTree = "<group>";
		};
		13FF47001C8A2C5600C7C851 = {
			isa = PBXGroup;
			children = (
				1316CEC71CC586510075B214 /* QuartzCore.framework */,
				138119E31C9ADF93000A75AA /* SystemConfiguration.framework */,
				138119E11C9ADF7F000A75AA /* libz.tbd */,
				13FF470B1C8A2C5600C7C851 /* HBXMobile */,
				13FF47281C8A2C5600C7C851 /* HBXMobileTests */,
				13FF47331C8A2C5600C7C851 /* HBXMobileUITests */,
				13FF470A1C8A2C5600C7C851 /* Products */,
			);
			sourceTree = "<group>";
		};
		13FF470A1C8A2C5600C7C851 /* Products */ = {
			isa = PBXGroup;
			children = (
				13FF47091C8A2C5600C7C851 /* HBXMobile.app */,
				13FF47251C8A2C5600C7C851 /* HBXMobileTests.xctest */,
				13FF47301C8A2C5600C7C851 /* HBXMobileUITests.xctest */,
			);
			name = Products;
			sourceTree = "<group>";
		};
		13FF470B1C8A2C5600C7C851 /* HBXMobile */ = {
			isa = PBXGroup;
			children = (
				138119DD1C9ADDD3000A75AA /* AWSCore.framework */,
				138119DE1C9ADDD3000A75AA /* AWSS3.framework */,
				138119DA1C9ADBF1000A75AA /* Constants.h */,
				138119DB1C9ADBF1000A75AA /* Constants.m */,
				13FF47421C8A2D0100C7C851 /* Keychain */,
				13FF470F1C8A2C5600C7C851 /* AppDelegate.h */,
				13FF47101C8A2C5600C7C851 /* AppDelegate.m */,
				13FF47121C8A2C5600C7C851 /* ViewController.h */,
				13FF47131C8A2C5600C7C851 /* ViewController.m */,
				13FF47151C8A2C5600C7C851 /* Main.storyboard */,
				13FF471B1C8A2C5600C7C851 /* Assets.xcassets */,
				13FF471D1C8A2C5600C7C851 /* LaunchScreen.storyboard */,
				13FF47201C8A2C5600C7C851 /* Info.plist */,
				13FF47181C8A2C5600C7C851 /* HBXMobile.xcdatamodeld */,
				13FF470C1C8A2C5600C7C851 /* Supporting Files */,
				137327511C8DE60D00B0F6E1 /* MyAccountViewController.h */,
				137327521C8DE60D00B0F6E1 /* MyAccountViewController.m */,
				137327541C8DECA800B0F6E1 /* SlideNavigationController.h */,
				137327551C8DECA800B0F6E1 /* SlideNavigationController.m */,
				137327571C8F268D00B0F6E1 /* LeftMenuSlideOutTableViewController.h */,
				137327581C8F268D00B0F6E1 /* LeftMenuSlideOutTableViewController.m */,
				131B0E281C938B8400CD8310 /* hbxNotificationsTableViewController.h */,
				131B0E291C938B8400CD8310 /* hbxNotificationsTableViewController.m */,
				1367AFBB1C9993B1008CF742 /* MyPlanCoverageTableViewController.h */,
				1367AFBC1C9993B1008CF742 /* MyPlanCoverageTableViewController.m */,
				1367AFBE1C99A0A6008CF742 /* MyPlanWebViewController.h */,
				1367AFBF1C99A0A6008CF742 /* MyPlanWebViewController.m */,
				138119E51C9AECD7000A75AA /* startUploadOfDocumentViewController.h */,
				138119E61C9AECD7000A75AA /* startUploadOfDocumentViewController.m */,
				137277311CA464610093DE8C /* selectPlanViewController.h */,
				137277321CA464610093DE8C /* selectPlanViewController.m */,
				130E045F1CAD9C2900D1D1A6 /* showPlanDetailViewController.h */,
				130E04601CAD9C2900D1D1A6 /* showPlanDetailViewController.m */,
			);
			path = HBXMobile;
			sourceTree = "<group>";
		};
		13FF470C1C8A2C5600C7C851 /* Supporting Files */ = {
			isa = PBXGroup;
			children = (
				13A3822D1CDB7AEE006B5984 /* sampleMyPlanJSON.txt */,
				1316CEAA1CC50A4C0075B214 /* Fonts */,
				134A09DB1CBE814D00CD3229 /* Notes */,
				134A09D91CBE7D7F00CD3229 /* server.der */,
				13FF47461C8A2D2900C7C851 /* Images */,
				13FF470D1C8A2C5600C7C851 /* main.m */,
			);
			name = "Supporting Files";
			sourceTree = "<group>";
		};
		13FF47281C8A2C5600C7C851 /* HBXMobileTests */ = {
			isa = PBXGroup;
			children = (
				13FF47291C8A2C5600C7C851 /* HBXMobileTests.m */,
				13FF472B1C8A2C5600C7C851 /* Info.plist */,
			);
			path = HBXMobileTests;
			sourceTree = "<group>";
		};
		13FF47331C8A2C5600C7C851 /* HBXMobileUITests */ = {
			isa = PBXGroup;
			children = (
				13FF47341C8A2C5600C7C851 /* HBXMobileUITests.m */,
				13FF47361C8A2C5600C7C851 /* Info.plist */,
			);
			path = HBXMobileUITests;
			sourceTree = "<group>";
		};
		13FF47421C8A2D0100C7C851 /* Keychain */ = {
			isa = PBXGroup;
			children = (
				13FF47431C8A2D1B00C7C851 /* KeychainItemWrapper.h */,
				13FF47441C8A2D1B00C7C851 /* KeychainItemWrapper.m */,
			);
			name = Keychain;
			sourceTree = "<group>";
		};
		13FF47461C8A2D2900C7C851 /* Images */ = {
			isa = PBXGroup;
			children = (
				13A3822B1CDB31E7006B5984 /* dchllogo_withouttag-2.png */,
				13A382291CDB303E006B5984 /* bell.png */,
				13A382221CDB2FCD006B5984 /* carriers */,
				13A3821E1CDB2F4D006B5984 /* menu-icon.png */,
				13A3821F1CDB2F4D006B5984 /* menu-icon@2x.png */,
				1310E21F1CC8FD20001DF412 /* header-employer-2.png */,
			);
			name = Images;
			sourceTree = "<group>";
		};
/* End PBXGroup section */

/* Begin PBXNativeTarget section */
		13FF47081C8A2C5600C7C851 /* HBXMobile */ = {
			isa = PBXNativeTarget;
			buildConfigurationList = 13FF47391C8A2C5600C7C851 /* Build configuration list for PBXNativeTarget "HBXMobile" */;
			buildPhases = (
				13FF47051C8A2C5600C7C851 /* Sources */,
				13FF47061C8A2C5600C7C851 /* Frameworks */,
				13FF47071C8A2C5600C7C851 /* Resources */,
			);
			buildRules = (
			);
			dependencies = (
			);
			name = HBXMobile;
			productName = HBXMobile;
			productReference = 13FF47091C8A2C5600C7C851 /* HBXMobile.app */;
			productType = "com.apple.product-type.application";
		};
		13FF47241C8A2C5600C7C851 /* HBXMobileTests */ = {
			isa = PBXNativeTarget;
			buildConfigurationList = 13FF473C1C8A2C5600C7C851 /* Build configuration list for PBXNativeTarget "HBXMobileTests" */;
			buildPhases = (
				13FF47211C8A2C5600C7C851 /* Sources */,
				13FF47221C8A2C5600C7C851 /* Frameworks */,
				13FF47231C8A2C5600C7C851 /* Resources */,
			);
			buildRules = (
			);
			dependencies = (
				13FF47271C8A2C5600C7C851 /* PBXTargetDependency */,
			);
			name = HBXMobileTests;
			productName = HBXMobileTests;
			productReference = 13FF47251C8A2C5600C7C851 /* HBXMobileTests.xctest */;
			productType = "com.apple.product-type.bundle.unit-test";
		};
		13FF472F1C8A2C5600C7C851 /* HBXMobileUITests */ = {
			isa = PBXNativeTarget;
			buildConfigurationList = 13FF473F1C8A2C5600C7C851 /* Build configuration list for PBXNativeTarget "HBXMobileUITests" */;
			buildPhases = (
				13FF472C1C8A2C5600C7C851 /* Sources */,
				13FF472D1C8A2C5600C7C851 /* Frameworks */,
				13FF472E1C8A2C5600C7C851 /* Resources */,
			);
			buildRules = (
			);
			dependencies = (
				13FF47321C8A2C5600C7C851 /* PBXTargetDependency */,
			);
			name = HBXMobileUITests;
			productName = HBXMobileUITests;
			productReference = 13FF47301C8A2C5600C7C851 /* HBXMobileUITests.xctest */;
			productType = "com.apple.product-type.bundle.ui-testing";
		};
/* End PBXNativeTarget section */

/* Begin PBXProject section */
		13FF47011C8A2C5600C7C851 /* Project object */ = {
			isa = PBXProject;
			attributes = {
				LastUpgradeCheck = 0720;
				ORGANIZATIONNAME = "David Boyd";
				TargetAttributes = {
					13FF47081C8A2C5600C7C851 = {
						CreatedOnToolsVersion = 7.2.1;
						DevelopmentTeam = 7S5T868H63;
						SystemCapabilities = {
							com.apple.Push = {
								enabled = 1;
							};
						};
					};
					13FF47241C8A2C5600C7C851 = {
						CreatedOnToolsVersion = 7.2.1;
						TestTargetID = 13FF47081C8A2C5600C7C851;
					};
					13FF472F1C8A2C5600C7C851 = {
						CreatedOnToolsVersion = 7.2.1;
						TestTargetID = 13FF47081C8A2C5600C7C851;
					};
				};
			};
			buildConfigurationList = 13FF47041C8A2C5600C7C851 /* Build configuration list for PBXProject "HBXMobile" */;
			compatibilityVersion = "Xcode 3.2";
			developmentRegion = English;
			hasScannedForEncodings = 0;
			knownRegions = (
				en,
				Base,
			);
			mainGroup = 13FF47001C8A2C5600C7C851;
			productRefGroup = 13FF470A1C8A2C5600C7C851 /* Products */;
			projectDirPath = "";
			projectRoot = "";
			targets = (
				13FF47081C8A2C5600C7C851 /* HBXMobile */,
				13FF47241C8A2C5600C7C851 /* HBXMobileTests */,
				13FF472F1C8A2C5600C7C851 /* HBXMobileUITests */,
			);
		};
/* End PBXProject section */

/* Begin PBXResourcesBuildPhase section */
		13FF47071C8A2C5600C7C851 /* Resources */ = {
			isa = PBXResourcesBuildPhase;
			buildActionMask = 2147483647;
			files = (
				13A3822C1CDB31E7006B5984 /* dchllogo_withouttag-2.png in Resources */,
				13A382161CDB2E3E006B5984 /* Roboto-Italic.ttf in Resources */,
				13FF471F1C8A2C5600C7C851 /* LaunchScreen.storyboard in Resources */,
				134A09DD1CBE817000CD3229 /* SSL Certificate Creation in Resources */,
				13A382251CDB2FE8006B5984 /* carefirst_logo_k_2935.png in Resources */,
				13A3822A1CDB303E006B5984 /* bell.png in Resources */,
				13A382141CDB2E3E006B5984 /* Roboto-Bold.ttf in Resources */,
				13A382211CDB2F4D006B5984 /* menu-icon@2x.png in Resources */,
				13A382121CDB2E3E006B5984 /* Roboto-Black.ttf in Resources */,
				13A3821C1CDB2E3E006B5984 /* Roboto-Thin.ttf in Resources */,
				13FF471C1C8A2C5600C7C851 /* Assets.xcassets in Resources */,
				13A3821B1CDB2E3E006B5984 /* Roboto-Regular.ttf in Resources */,
				134A09DA1CBE7D7F00CD3229 /* server.der in Resources */,
				13A3821D1CDB2E3E006B5984 /* Roboto-ThinItalic.ttf in Resources */,
				13A382201CDB2F4D006B5984 /* menu-icon.png in Resources */,
				13A382171CDB2E3E006B5984 /* Roboto-Light.ttf in Resources */,
				13A382191CDB2E3E006B5984 /* Roboto-Medium.ttf in Resources */,
				13A382261CDB2FE8006B5984 /* kaiser.jpg in Resources */,
				1310E2201CC8FD20001DF412 /* header-employer-2.png in Resources */,
				13A382131CDB2E3E006B5984 /* Roboto-BlackItalic.ttf in Resources */,
				13FF47171C8A2C5600C7C851 /* Main.storyboard in Resources */,
				13A382181CDB2E3E006B5984 /* Roboto-LightItalic.ttf in Resources */,
				13A3821A1CDB2E3E006B5984 /* Roboto-MediumItalic.ttf in Resources */,
				13A382151CDB2E3E006B5984 /* Roboto-BoldItalic.ttf in Resources */,
				13A3822E1CDB7AEE006B5984 /* sampleMyPlanJSON.txt in Resources */,
			);
			runOnlyForDeploymentPostprocessing = 0;
		};
		13FF47231C8A2C5600C7C851 /* Resources */ = {
			isa = PBXResourcesBuildPhase;
			buildActionMask = 2147483647;
			files = (
			);
			runOnlyForDeploymentPostprocessing = 0;
		};
		13FF472E1C8A2C5600C7C851 /* Resources */ = {
			isa = PBXResourcesBuildPhase;
			buildActionMask = 2147483647;
			files = (
			);
			runOnlyForDeploymentPostprocessing = 0;
		};
/* End PBXResourcesBuildPhase section */

/* Begin PBXSourcesBuildPhase section */
		13FF47051C8A2C5600C7C851 /* Sources */ = {
			isa = PBXSourcesBuildPhase;
			buildActionMask = 2147483647;
			files = (
				137327591C8F268D00B0F6E1 /* LeftMenuSlideOutTableViewController.m in Sources */,
				13FF471A1C8A2C5600C7C851 /* HBXMobile.xcdatamodeld in Sources */,
				1367AFBD1C9993B1008CF742 /* MyPlanCoverageTableViewController.m in Sources */,
				137277331CA464610093DE8C /* selectPlanViewController.m in Sources */,
				13FF47141C8A2C5600C7C851 /* ViewController.m in Sources */,
				137327561C8DECA800B0F6E1 /* SlideNavigationController.m in Sources */,
				138119E71C9AECD7000A75AA /* startUploadOfDocumentViewController.m in Sources */,
				13FF47111C8A2C5600C7C851 /* AppDelegate.m in Sources */,
				13FF47451C8A2D1B00C7C851 /* KeychainItemWrapper.m in Sources */,
				1367AFC01C99A0A6008CF742 /* MyPlanWebViewController.m in Sources */,
				130E04611CAD9C2900D1D1A6 /* showPlanDetailViewController.m in Sources */,
				13FF470E1C8A2C5600C7C851 /* main.m in Sources */,
				137327531C8DE60D00B0F6E1 /* MyAccountViewController.m in Sources */,
				131B0E2A1C938B8400CD8310 /* hbxNotificationsTableViewController.m in Sources */,
				138119DC1C9ADBF1000A75AA /* Constants.m in Sources */,
			);
			runOnlyForDeploymentPostprocessing = 0;
		};
		13FF47211C8A2C5600C7C851 /* Sources */ = {
			isa = PBXSourcesBuildPhase;
			buildActionMask = 2147483647;
			files = (
				13FF472A1C8A2C5600C7C851 /* HBXMobileTests.m in Sources */,
			);
			runOnlyForDeploymentPostprocessing = 0;
		};
		13FF472C1C8A2C5600C7C851 /* Sources */ = {
			isa = PBXSourcesBuildPhase;
			buildActionMask = 2147483647;
			files = (
				13FF47351C8A2C5600C7C851 /* HBXMobileUITests.m in Sources */,
			);
			runOnlyForDeploymentPostprocessing = 0;
		};
/* End PBXSourcesBuildPhase section */

/* Begin PBXTargetDependency section */
		13FF47271C8A2C5600C7C851 /* PBXTargetDependency */ = {
			isa = PBXTargetDependency;
			target = 13FF47081C8A2C5600C7C851 /* HBXMobile */;
			targetProxy = 13FF47261C8A2C5600C7C851 /* PBXContainerItemProxy */;
		};
		13FF47321C8A2C5600C7C851 /* PBXTargetDependency */ = {
			isa = PBXTargetDependency;
			target = 13FF47081C8A2C5600C7C851 /* HBXMobile */;
			targetProxy = 13FF47311C8A2C5600C7C851 /* PBXContainerItemProxy */;
		};
/* End PBXTargetDependency section */

/* Begin PBXVariantGroup section */
		13FF47151C8A2C5600C7C851 /* Main.storyboard */ = {
			isa = PBXVariantGroup;
			children = (
				13FF47161C8A2C5600C7C851 /* Base */,
			);
			name = Main.storyboard;
			sourceTree = "<group>";
		};
		13FF471D1C8A2C5600C7C851 /* LaunchScreen.storyboard */ = {
			isa = PBXVariantGroup;
			children = (
				13FF471E1C8A2C5600C7C851 /* Base */,
			);
			name = LaunchScreen.storyboard;
			sourceTree = "<group>";
		};
/* End PBXVariantGroup section */

/* Begin XCBuildConfiguration section */
		13FF47371C8A2C5600C7C851 /* Debug */ = {
			isa = XCBuildConfiguration;
			buildSettings = {
				ALWAYS_SEARCH_USER_PATHS = NO;
				CLANG_CXX_LANGUAGE_STANDARD = "gnu++0x";
				CLANG_CXX_LIBRARY = "libc++";
				CLANG_ENABLE_MODULES = YES;
				CLANG_ENABLE_OBJC_ARC = YES;
				CLANG_WARN_BOOL_CONVERSION = YES;
				CLANG_WARN_CONSTANT_CONVERSION = YES;
				CLANG_WARN_DIRECT_OBJC_ISA_USAGE = YES_ERROR;
				CLANG_WARN_EMPTY_BODY = YES;
				CLANG_WARN_ENUM_CONVERSION = YES;
				CLANG_WARN_INT_CONVERSION = YES;
				CLANG_WARN_OBJC_ROOT_CLASS = YES_ERROR;
				CLANG_WARN_UNREACHABLE_CODE = YES;
				CLANG_WARN__DUPLICATE_METHOD_MATCH = YES;
				"CODE_SIGN_IDENTITY[sdk=iphoneos*]" = "iPhone Developer";
				COPY_PHASE_STRIP = NO;
				DEBUG_INFORMATION_FORMAT = dwarf;
				ENABLE_STRICT_OBJC_MSGSEND = YES;
				ENABLE_TESTABILITY = YES;
				GCC_C_LANGUAGE_STANDARD = gnu99;
				GCC_DYNAMIC_NO_PIC = NO;
				GCC_NO_COMMON_BLOCKS = YES;
				GCC_OPTIMIZATION_LEVEL = 0;
				GCC_PREPROCESSOR_DEFINITIONS = (
					"DEBUG=1",
					"$(inherited)",
				);
				GCC_WARN_64_TO_32_BIT_CONVERSION = YES;
				GCC_WARN_ABOUT_RETURN_TYPE = YES_ERROR;
				GCC_WARN_UNDECLARED_SELECTOR = YES;
				GCC_WARN_UNINITIALIZED_AUTOS = YES_AGGRESSIVE;
				GCC_WARN_UNUSED_FUNCTION = YES;
				GCC_WARN_UNUSED_VARIABLE = YES;
				IPHONEOS_DEPLOYMENT_TARGET = 9.2;
				MTL_ENABLE_DEBUG_INFO = YES;
				ONLY_ACTIVE_ARCH = YES;
				SDKROOT = iphoneos;
				TARGETED_DEVICE_FAMILY = "1,2";
			};
			name = Debug;
		};
		13FF47381C8A2C5600C7C851 /* Release */ = {
			isa = XCBuildConfiguration;
			buildSettings = {
				ALWAYS_SEARCH_USER_PATHS = NO;
				CLANG_CXX_LANGUAGE_STANDARD = "gnu++0x";
				CLANG_CXX_LIBRARY = "libc++";
				CLANG_ENABLE_MODULES = YES;
				CLANG_ENABLE_OBJC_ARC = YES;
				CLANG_WARN_BOOL_CONVERSION = YES;
				CLANG_WARN_CONSTANT_CONVERSION = YES;
				CLANG_WARN_DIRECT_OBJC_ISA_USAGE = YES_ERROR;
				CLANG_WARN_EMPTY_BODY = YES;
				CLANG_WARN_ENUM_CONVERSION = YES;
				CLANG_WARN_INT_CONVERSION = YES;
				CLANG_WARN_OBJC_ROOT_CLASS = YES_ERROR;
				CLANG_WARN_UNREACHABLE_CODE = YES;
				CLANG_WARN__DUPLICATE_METHOD_MATCH = YES;
				"CODE_SIGN_IDENTITY[sdk=iphoneos*]" = "iPhone Developer";
				COPY_PHASE_STRIP = NO;
				DEBUG_INFORMATION_FORMAT = "dwarf-with-dsym";
				ENABLE_NS_ASSERTIONS = NO;
				ENABLE_STRICT_OBJC_MSGSEND = YES;
				GCC_C_LANGUAGE_STANDARD = gnu99;
				GCC_NO_COMMON_BLOCKS = YES;
				GCC_WARN_64_TO_32_BIT_CONVERSION = YES;
				GCC_WARN_ABOUT_RETURN_TYPE = YES_ERROR;
				GCC_WARN_UNDECLARED_SELECTOR = YES;
				GCC_WARN_UNINITIALIZED_AUTOS = YES_AGGRESSIVE;
				GCC_WARN_UNUSED_FUNCTION = YES;
				GCC_WARN_UNUSED_VARIABLE = YES;
				IPHONEOS_DEPLOYMENT_TARGET = 9.2;
				MTL_ENABLE_DEBUG_INFO = NO;
				SDKROOT = iphoneos;
				TARGETED_DEVICE_FAMILY = "1,2";
				VALIDATE_PRODUCT = YES;
			};
			name = Release;
		};
		13FF473A1C8A2C5600C7C851 /* Debug */ = {
			isa = XCBuildConfiguration;
			buildSettings = {
				ASSETCATALOG_COMPILER_APPICON_NAME = AppIcon;
				CODE_SIGN_IDENTITY = "iPhone Developer";
				"CODE_SIGN_IDENTITY[sdk=iphoneos*]" = "iPhone Developer";
				FRAMEWORK_SEARCH_PATHS = (
					"$(inherited)",
					"$(PROJECT_DIR)/HBXMobile/frameworks",
				);
				INFOPLIST_FILE = HBXMobile/Info.plist;
				IPHONEOS_DEPLOYMENT_TARGET = 9.2;
				LD_RUNPATH_SEARCH_PATHS = "$(inherited) @executable_path/Frameworks";
				LIBRARY_SEARCH_PATHS = (
					"$(inherited)",
					"$(PROJECT_DIR)/HBXMobile/frameworks/AWSCore.framework/Versions/A",
				);
				PRODUCT_BUNDLE_IDENTIFIER = gov.dc.HBXMobile;
				PRODUCT_NAME = "$(TARGET_NAME)";
				PROVISIONING_PROFILE = "";
			};
			name = Debug;
		};
		13FF473B1C8A2C5600C7C851 /* Release */ = {
			isa = XCBuildConfiguration;
			buildSettings = {
				ASSETCATALOG_COMPILER_APPICON_NAME = AppIcon;
				CODE_SIGN_IDENTITY = "iPhone Developer";
				"CODE_SIGN_IDENTITY[sdk=iphoneos*]" = "iPhone Developer";
				FRAMEWORK_SEARCH_PATHS = (
					"$(inherited)",
					"$(PROJECT_DIR)/HBXMobile/frameworks",
				);
				INFOPLIST_FILE = HBXMobile/Info.plist;
				IPHONEOS_DEPLOYMENT_TARGET = 9.2;
				LD_RUNPATH_SEARCH_PATHS = "$(inherited) @executable_path/Frameworks";
				LIBRARY_SEARCH_PATHS = (
					"$(inherited)",
					"$(PROJECT_DIR)/HBXMobile/frameworks/AWSCore.framework/Versions/A",
				);
				PRODUCT_BUNDLE_IDENTIFIER = gov.dc.HBXMobile;
				PRODUCT_NAME = "$(TARGET_NAME)";
				PROVISIONING_PROFILE = "";
			};
			name = Release;
		};
		13FF473D1C8A2C5600C7C851 /* Debug */ = {
			isa = XCBuildConfiguration;
			buildSettings = {
				BUNDLE_LOADER = "$(TEST_HOST)";
				INFOPLIST_FILE = HBXMobileTests/Info.plist;
				LD_RUNPATH_SEARCH_PATHS = "$(inherited) @executable_path/Frameworks @loader_path/Frameworks";
				PRODUCT_BUNDLE_IDENTIFIER = dc.org.HBXMobileTests;
				PRODUCT_NAME = "$(TARGET_NAME)";
				TEST_HOST = "$(BUILT_PRODUCTS_DIR)/HBXMobile.app/HBXMobile";
			};
			name = Debug;
		};
		13FF473E1C8A2C5600C7C851 /* Release */ = {
			isa = XCBuildConfiguration;
			buildSettings = {
				BUNDLE_LOADER = "$(TEST_HOST)";
				INFOPLIST_FILE = HBXMobileTests/Info.plist;
				LD_RUNPATH_SEARCH_PATHS = "$(inherited) @executable_path/Frameworks @loader_path/Frameworks";
				PRODUCT_BUNDLE_IDENTIFIER = dc.org.HBXMobileTests;
				PRODUCT_NAME = "$(TARGET_NAME)";
				TEST_HOST = "$(BUILT_PRODUCTS_DIR)/HBXMobile.app/HBXMobile";
			};
			name = Release;
		};
		13FF47401C8A2C5600C7C851 /* Debug */ = {
			isa = XCBuildConfiguration;
			buildSettings = {
				INFOPLIST_FILE = HBXMobileUITests/Info.plist;
				LD_RUNPATH_SEARCH_PATHS = "$(inherited) @executable_path/Frameworks @loader_path/Frameworks";
				PRODUCT_BUNDLE_IDENTIFIER = dc.org.HBXMobileUITests;
				PRODUCT_NAME = "$(TARGET_NAME)";
				TEST_TARGET_NAME = HBXMobile;
				USES_XCTRUNNER = YES;
			};
			name = Debug;
		};
		13FF47411C8A2C5600C7C851 /* Release */ = {
			isa = XCBuildConfiguration;
			buildSettings = {
				INFOPLIST_FILE = HBXMobileUITests/Info.plist;
				LD_RUNPATH_SEARCH_PATHS = "$(inherited) @executable_path/Frameworks @loader_path/Frameworks";
				PRODUCT_BUNDLE_IDENTIFIER = dc.org.HBXMobileUITests;
				PRODUCT_NAME = "$(TARGET_NAME)";
				TEST_TARGET_NAME = HBXMobile;
				USES_XCTRUNNER = YES;
			};
			name = Release;
		};
/* End XCBuildConfiguration section */

/* Begin XCConfigurationList section */
		13FF47041C8A2C5600C7C851 /* Build configuration list for PBXProject "HBXMobile" */ = {
			isa = XCConfigurationList;
			buildConfigurations = (
				13FF47371C8A2C5600C7C851 /* Debug */,
				13FF47381C8A2C5600C7C851 /* Release */,
			);
			defaultConfigurationIsVisible = 0;
			defaultConfigurationName = Release;
		};
		13FF47391C8A2C5600C7C851 /* Build configuration list for PBXNativeTarget "HBXMobile" */ = {
			isa = XCConfigurationList;
			buildConfigurations = (
				13FF473A1C8A2C5600C7C851 /* Debug */,
				13FF473B1C8A2C5600C7C851 /* Release */,
			);
			defaultConfigurationIsVisible = 0;
			defaultConfigurationName = Release;
		};
		13FF473C1C8A2C5600C7C851 /* Build configuration list for PBXNativeTarget "HBXMobileTests" */ = {
			isa = XCConfigurationList;
			buildConfigurations = (
				13FF473D1C8A2C5600C7C851 /* Debug */,
				13FF473E1C8A2C5600C7C851 /* Release */,
			);
			defaultConfigurationIsVisible = 0;
			defaultConfigurationName = Release;
		};
		13FF473F1C8A2C5600C7C851 /* Build configuration list for PBXNativeTarget "HBXMobileUITests" */ = {
			isa = XCConfigurationList;
			buildConfigurations = (
				13FF47401C8A2C5600C7C851 /* Debug */,
				13FF47411C8A2C5600C7C851 /* Release */,
			);
			defaultConfigurationIsVisible = 0;
			defaultConfigurationName = Release;
		};
/* End XCConfigurationList section */

/* Begin XCVersionGroup section */
		13FF47181C8A2C5600C7C851 /* HBXMobile.xcdatamodeld */ = {
			isa = XCVersionGroup;
			children = (
				13FF47191C8A2C5600C7C851 /* HBXMobile.xcdatamodel */,
			);
			currentVersion = 13FF47191C8A2C5600C7C851 /* HBXMobile.xcdatamodel */;
			path = HBXMobile.xcdatamodeld;
			sourceTree = "<group>";
			versionGroupType = wrapper.xcdatamodel;
		};
/* End XCVersionGroup section */
	};
	rootObject = 13FF47011C8A2C5600C7C851 /* Project object */;
}
